<?xml version="1.0" encoding="UTF-8"?>
<Scheme
   LastUpgradeVersion = "1320"
   version = "1.3">
   <BuildAction
      parallelizeBuildables = "YES"
      buildImplicitDependencies = "YES">
      <BuildActionEntries>
         <BuildActionEntry
            buildForTesting = "YES"
            buildForRunning = "YES"
            buildForProfiling = "YES"
            buildForArchiving = "YES"
            buildForAnalyzing = "YES">
            <BuildableReference
               BuildableIdentifier = "primary"
               BlueprintIdentifier = "B7C0EA36279E8F0700634EA7"
               BuildableName = "FeedCoreModule.framework"
               BlueprintName = "FeedCoreModule"
               ReferencedContainer = "container:FeedModules/FeedModules.xcodeproj">
            </BuildableReference>
         </BuildActionEntry>
      </BuildActionEntries>
   </BuildAction>
   <TestAction
      buildConfiguration = "Debug"
      selectedDebuggerIdentifier = "Xcode.DebuggerFoundation.Debugger.LLDB"
      selectedLauncherIdentifier = "Xcode.DebuggerFoundation.Launcher.LLDB"
      shouldUseLaunchSchemeArgsEnv = "YES"
      enableThreadSanitizer = "YES"
      codeCoverageEnabled = "YES"
      onlyGenerateCoverageForSpecifiedTargets = "YES">
      <CodeCoverageTargets>
         <BuildableReference
            BuildableIdentifier = "primary"
            BlueprintIdentifier = "B7C0EA36279E8F0700634EA7"
            BuildableName = "FeedCoreModule.framework"
            BlueprintName = "FeedCoreModule"
            ReferencedContainer = "container:FeedModules/FeedModules.xcodeproj">
         </BuildableReference>
         <BuildableReference
            BuildableIdentifier = "primary"
            BlueprintIdentifier = "B767968027BE317900CC08A1"
            BuildableName = "FeediOS.framework"
            BlueprintName = "FeediOS"
            ReferencedContainer = "container:FeedModules/FeedModules.xcodeproj">
         </BuildableReference>
         <BuildableReference
            BuildableIdentifier = "primary"
            BlueprintIdentifier = "B7F52A3E27C5745600756ECA"
            BuildableName = "FeedPresentationModule.framework"
            BlueprintName = "FeedPresentationModule"
            ReferencedContainer = "container:FeedModules/FeedModules.xcodeproj">
         </BuildableReference>
      </CodeCoverageTargets>
      <Testables>
         <TestableReference
            skipped = "NO"
            testExecutionOrdering = "random">
            <BuildableReference
               BuildableIdentifier = "primary"
               BlueprintIdentifier = "B72BDE0A27B22AC100C79E93"
               BuildableName = "FeedAPIEndToEndTests.xctest"
               BlueprintName = "FeedAPIEndToEndTests"
               ReferencedContainer = "container:FeedModules/FeedModules.xcodeproj">
            </BuildableReference>
         </TestableReference>
         <TestableReference
            skipped = "NO"
            testExecutionOrdering = "random">
            <BuildableReference
               BuildableIdentifier = "primary"
               BlueprintIdentifier = "B7C0EA3E279E8F0700634EA7"
               BuildableName = "FeedCoreModuleTests.xctest"
               BlueprintName = "FeedCoreModuleTests"
               ReferencedContainer = "container:FeedModules/FeedModules.xcodeproj">
            </BuildableReference>
         </TestableReference>
         <TestableReference
            skipped = "NO"
            testExecutionOrdering = "random">
            <BuildableReference
               BuildableIdentifier = "primary"
               BlueprintIdentifier = "B795B30627BC9DA700A7496A"
               BuildableName = "FeedCacheIntegrationTests.xctest"
               BlueprintName = "FeedCacheIntegrationTests"
               ReferencedContainer = "container:FeedModules/FeedModules.xcodeproj">
            </BuildableReference>
         </TestableReference>
         <TestableReference
            skipped = "NO"
            testExecutionOrdering = "random">
            <BuildableReference
               BuildableIdentifier = "primary"
               BlueprintIdentifier = "B767968727BE317A00CC08A1"
               BuildableName = "FeediOSTests.xctest"
               BlueprintName = "FeediOSTests"
               ReferencedContainer = "container:FeedModules/FeedModules.xcodeproj">
            </BuildableReference>
         </TestableReference>
         <TestableReference
            skipped = "NO"
            testExecutionOrdering = "random">
            <BuildableReference
               BuildableIdentifier = "primary"
               BlueprintIdentifier = "B7F52A4527C5745700756ECA"
               BuildableName = "FeedPresentationModuleTests.xctest"
               BlueprintName = "FeedPresentationModuleTests"
               ReferencedContainer = "container:FeedModules/FeedModules.xcodeproj">
            </BuildableReference>
         </TestableReference>
         <TestableReference
            skipped = "NO"
            testExecutionOrdering = "random">
            <BuildableReference
               BuildableIdentifier = "primary"
               BlueprintIdentifier = "B7D8E69427DB122700B7AF4A"
               BuildableName = "FeedApplicationTests.xctest"
               BlueprintName = "FeedApplicationTests"
               ReferencedContainer = "container:FeedApplication/FeedApplication.xcodeproj">
            </BuildableReference>
         </TestableReference>
      </Testables>
   </TestAction>
   <LaunchAction
      buildConfiguration = "Debug"
      selectedDebuggerIdentifier = "Xcode.DebuggerFoundation.Debugger.LLDB"
      selectedLauncherIdentifier = "Xcode.DebuggerFoundation.Launcher.LLDB"
      launchStyle = "0"
      useCustomWorkingDirectory = "NO"
      ignoresPersistentStateOnLaunch = "NO"
      debugDocumentVersioning = "YES"
      debugServiceExtension = "internal"
      allowLocationSimulation = "YES">
   </LaunchAction>
   <ProfileAction
      buildConfiguration = "Release"
      shouldUseLaunchSchemeArgsEnv = "YES"
      savedToolIdentifier = ""
      useCustomWorkingDirectory = "NO"
      debugDocumentVersioning = "YES">
      <MacroExpansion>
         <BuildableReference
            BuildableIdentifier = "primary"
            BlueprintIdentifier = "B7C0EA36279E8F0700634EA7"
            BuildableName = "FeedCoreModule.framework"
            BlueprintName = "FeedCoreModule"
            ReferencedContainer = "container:FeedModules/FeedModules.xcodeproj">
         </BuildableReference>
      </MacroExpansion>
   </ProfileAction>
   <AnalyzeAction
      buildConfiguration = "Debug">
   </AnalyzeAction>
   <ArchiveAction
      buildConfiguration = "Release"
      revealArchiveInOrganizer = "YES">
   </ArchiveAction>
</Scheme>
