// !$*UTF8*$!
{
	archiveVersion = 1;
	classes = {
	};
	objectVersion = 55;
	objects = {

/* Begin PBXBuildFile section */
		B79AB9FA27DB135F0014048E /* FeedCoreModule.framework in Frameworks */ = {isa = PBXBuildFile; fileRef = B79AB9F727DB135F0014048E /* FeedCoreModule.framework */; };
		B79AB9FB27DB135F0014048E /* FeedCoreModule.framework in Embed Frameworks */ = {isa = PBXBuildFile; fileRef = B79AB9F727DB135F0014048E /* FeedCoreModule.framework */; settings = {ATTRIBUTES = (CodeSignOnCopy, RemoveHeadersOnCopy, ); }; };
		B79AB9FE27DB135F0014048E /* FeedPresentationModule.framework in Frameworks */ = {isa = PBXBuildFile; fileRef = B79AB9F927DB135F0014048E /* FeedPresentationModule.framework */; };
		B79AB9FF27DB135F0014048E /* FeedPresentationModule.framework in Embed Frameworks */ = {isa = PBXBuildFile; fileRef = B79AB9F927DB135F0014048E /* FeedPresentationModule.framework */; settings = {ATTRIBUTES = (CodeSignOnCopy, RemoveHeadersOnCopy, ); }; };
		B79ABA0227DB136B0014048E /* FeediOS.framework in Frameworks */ = {isa = PBXBuildFile; fileRef = B79ABA0127DB136B0014048E /* FeediOS.framework */; };
		B79ABA0327DB136B0014048E /* FeediOS.framework in Embed Frameworks */ = {isa = PBXBuildFile; fileRef = B79ABA0127DB136B0014048E /* FeediOS.framework */; settings = {ATTRIBUTES = (CodeSignOnCopy, RemoveHeadersOnCopy, ); }; };
		B79ABA0727DBF5090014048E /* FeedLoaderWithFallbackComposite.swift in Sources */ = {isa = PBXBuildFile; fileRef = B79ABA0627DBF5090014048E /* FeedLoaderWithFallbackComposite.swift */; };
		B7D8E68327DB122100B7AF4A /* AppDelegate.swift in Sources */ = {isa = PBXBuildFile; fileRef = B7D8E68227DB122100B7AF4A /* AppDelegate.swift */; };
		B7D8E68527DB122100B7AF4A /* SceneDelegate.swift in Sources */ = {isa = PBXBuildFile; fileRef = B7D8E68427DB122100B7AF4A /* SceneDelegate.swift */; };
		B7D8E68A27DB122100B7AF4A /* Main.storyboard in Resources */ = {isa = PBXBuildFile; fileRef = B7D8E68827DB122100B7AF4A /* Main.storyboard */; };
		B7D8E68C27DB122600B7AF4A /* Assets.xcassets in Resources */ = {isa = PBXBuildFile; fileRef = B7D8E68B27DB122600B7AF4A /* Assets.xcassets */; };
		B7D8E68F27DB122600B7AF4A /* LaunchScreen.storyboard in Resources */ = {isa = PBXBuildFile; fileRef = B7D8E68D27DB122600B7AF4A /* LaunchScreen.storyboard */; };
		B7D8E69A27DB122700B7AF4A /* FeedLoaderWithFallbackCompositeTests.swift in Sources */ = {isa = PBXBuildFile; fileRef = B7D8E69927DB122700B7AF4A /* FeedLoaderWithFallbackCompositeTests.swift */; };
		B7D8E6A427DB122700B7AF4A /* FeedApplicationUITests.swift in Sources */ = {isa = PBXBuildFile; fileRef = B7D8E6A327DB122700B7AF4A /* FeedApplicationUITests.swift */; };
		B7D8E6A627DB122700B7AF4A /* FeedApplicationUITestsLaunchTests.swift in Sources */ = {isa = PBXBuildFile; fileRef = B7D8E6A527DB122700B7AF4A /* FeedApplicationUITestsLaunchTests.swift */; };
/* End PBXBuildFile section */

/* Begin PBXContainerItemProxy section */
		B7D8E69627DB122700B7AF4A /* PBXContainerItemProxy */ = {
			isa = PBXContainerItemProxy;
			containerPortal = B7D8E67727DB122100B7AF4A /* Project object */;
			proxyType = 1;
			remoteGlobalIDString = B7D8E67E27DB122100B7AF4A;
			remoteInfo = FeedApplication;
		};
		B7D8E6A027DB122700B7AF4A /* PBXContainerItemProxy */ = {
			isa = PBXContainerItemProxy;
			containerPortal = B7D8E67727DB122100B7AF4A /* Project object */;
			proxyType = 1;
			remoteGlobalIDString = B7D8E67E27DB122100B7AF4A;
			remoteInfo = FeedApplication;
		};
/* End PBXContainerItemProxy section */

/* Begin PBXCopyFilesBuildPhase section */
		B79ABA0027DB135F0014048E /* Embed Frameworks */ = {
			isa = PBXCopyFilesBuildPhase;
			buildActionMask = 2147483647;
			dstPath = "";
			dstSubfolderSpec = 10;
			files = (
				B79ABA0327DB136B0014048E /* FeediOS.framework in Embed Frameworks */,
				B79AB9FF27DB135F0014048E /* FeedPresentationModule.framework in Embed Frameworks */,
				B79AB9FB27DB135F0014048E /* FeedCoreModule.framework in Embed Frameworks */,
			);
			name = "Embed Frameworks";
			runOnlyForDeploymentPostprocessing = 0;
		};
/* End PBXCopyFilesBuildPhase section */

/* Begin PBXFileReference section */
		B79AB9F727DB135F0014048E /* FeedCoreModule.framework */ = {isa = PBXFileReference; explicitFileType = wrapper.framework; path = FeedCoreModule.framework; sourceTree = BUILT_PRODUCTS_DIR; };
		B79AB9F827DB135F0014048E /* FeediOS.framework */ = {isa = PBXFileReference; explicitFileType = wrapper.framework; path = FeediOS.framework; sourceTree = BUILT_PRODUCTS_DIR; };
		B79AB9F927DB135F0014048E /* FeedPresentationModule.framework */ = {isa = PBXFileReference; explicitFileType = wrapper.framework; path = FeedPresentationModule.framework; sourceTree = BUILT_PRODUCTS_DIR; };
		B79ABA0127DB136B0014048E /* FeediOS.framework */ = {isa = PBXFileReference; explicitFileType = wrapper.framework; path = FeediOS.framework; sourceTree = BUILT_PRODUCTS_DIR; };
		B79ABA0627DBF5090014048E /* FeedLoaderWithFallbackComposite.swift */ = {isa = PBXFileReference; lastKnownFileType = sourcecode.swift; path = FeedLoaderWithFallbackComposite.swift; sourceTree = "<group>"; };
		B7D8E67F27DB122100B7AF4A /* FeedApplication.app */ = {isa = PBXFileReference; explicitFileType = wrapper.application; includeInIndex = 0; path = FeedApplication.app; sourceTree = BUILT_PRODUCTS_DIR; };
		B7D8E68227DB122100B7AF4A /* AppDelegate.swift */ = {isa = PBXFileReference; lastKnownFileType = sourcecode.swift; path = AppDelegate.swift; sourceTree = "<group>"; };
		B7D8E68427DB122100B7AF4A /* SceneDelegate.swift */ = {isa = PBXFileReference; lastKnownFileType = sourcecode.swift; path = SceneDelegate.swift; sourceTree = "<group>"; };
		B7D8E68927DB122100B7AF4A /* Base */ = {isa = PBXFileReference; lastKnownFileType = file.storyboard; name = Base; path = Base.lproj/Main.storyboard; sourceTree = "<group>"; };
		B7D8E68B27DB122600B7AF4A /* Assets.xcassets */ = {isa = PBXFileReference; lastKnownFileType = folder.assetcatalog; path = Assets.xcassets; sourceTree = "<group>"; };
		B7D8E68E27DB122600B7AF4A /* Base */ = {isa = PBXFileReference; lastKnownFileType = file.storyboard; name = Base; path = Base.lproj/LaunchScreen.storyboard; sourceTree = "<group>"; };
		B7D8E69027DB122600B7AF4A /* Info.plist */ = {isa = PBXFileReference; lastKnownFileType = text.plist.xml; path = Info.plist; sourceTree = "<group>"; };
		B7D8E69527DB122700B7AF4A /* FeedApplicationTests.xctest */ = {isa = PBXFileReference; explicitFileType = wrapper.cfbundle; includeInIndex = 0; path = FeedApplicationTests.xctest; sourceTree = BUILT_PRODUCTS_DIR; };
		B7D8E69927DB122700B7AF4A /* FeedLoaderWithFallbackCompositeTests.swift */ = {isa = PBXFileReference; lastKnownFileType = sourcecode.swift; path = FeedLoaderWithFallbackCompositeTests.swift; sourceTree = "<group>"; };
		B7D8E69F27DB122700B7AF4A /* FeedApplicationUITests.xctest */ = {isa = PBXFileReference; explicitFileType = wrapper.cfbundle; includeInIndex = 0; path = FeedApplicationUITests.xctest; sourceTree = BUILT_PRODUCTS_DIR; };
		B7D8E6A327DB122700B7AF4A /* FeedApplicationUITests.swift */ = {isa = PBXFileReference; lastKnownFileType = sourcecode.swift; path = FeedApplicationUITests.swift; sourceTree = "<group>"; };
		B7D8E6A527DB122700B7AF4A /* FeedApplicationUITestsLaunchTests.swift */ = {isa = PBXFileReference; lastKnownFileType = sourcecode.swift; path = FeedApplicationUITestsLaunchTests.swift; sourceTree = "<group>"; };
/* End PBXFileReference section */

/* Begin PBXFrameworksBuildPhase section */
		B7D8E67C27DB122100B7AF4A /* Frameworks */ = {
			isa = PBXFrameworksBuildPhase;
			buildActionMask = 2147483647;
			files = (
				B79ABA0227DB136B0014048E /* FeediOS.framework in Frameworks */,
				B79AB9FE27DB135F0014048E /* FeedPresentationModule.framework in Frameworks */,
				B79AB9FA27DB135F0014048E /* FeedCoreModule.framework in Frameworks */,
			);
			runOnlyForDeploymentPostprocessing = 0;
		};
		B7D8E69227DB122700B7AF4A /* Frameworks */ = {
			isa = PBXFrameworksBuildPhase;
			buildActionMask = 2147483647;
			files = (
			);
			runOnlyForDeploymentPostprocessing = 0;
		};
		B7D8E69C27DB122700B7AF4A /* Frameworks */ = {
			isa = PBXFrameworksBuildPhase;
			buildActionMask = 2147483647;
			files = (
			);
			runOnlyForDeploymentPostprocessing = 0;
		};
/* End PBXFrameworksBuildPhase section */

/* Begin PBXGroup section */
		B79AB9F627DB135F0014048E /* Frameworks */ = {
			isa = PBXGroup;
			children = (
				B79ABA0127DB136B0014048E /* FeediOS.framework */,
				B79AB9F727DB135F0014048E /* FeedCoreModule.framework */,
				B79AB9F827DB135F0014048E /* FeediOS.framework */,
				B79AB9F927DB135F0014048E /* FeedPresentationModule.framework */,
			);
			name = Frameworks;
			sourceTree = "<group>";
		};
		B7D8E67627DB122100B7AF4A = {
			isa = PBXGroup;
			children = (
				B7D8E68127DB122100B7AF4A /* FeedApplication */,
				B7D8E69827DB122700B7AF4A /* FeedApplicationTests */,
				B7D8E6A227DB122700B7AF4A /* FeedApplicationUITests */,
				B7D8E68027DB122100B7AF4A /* Products */,
				B79AB9F627DB135F0014048E /* Frameworks */,
			);
			sourceTree = "<group>";
		};
		B7D8E68027DB122100B7AF4A /* Products */ = {
			isa = PBXGroup;
			children = (
				B7D8E67F27DB122100B7AF4A /* FeedApplication.app */,
				B7D8E69527DB122700B7AF4A /* FeedApplicationTests.xctest */,
				B7D8E69F27DB122700B7AF4A /* FeedApplicationUITests.xctest */,
			);
			name = Products;
			sourceTree = "<group>";
		};
		B7D8E68127DB122100B7AF4A /* FeedApplication */ = {
			isa = PBXGroup;
			children = (
				B7D8E68227DB122100B7AF4A /* AppDelegate.swift */,
				B7D8E68427DB122100B7AF4A /* SceneDelegate.swift */,
				B79ABA0627DBF5090014048E /* FeedLoaderWithFallbackComposite.swift */,
				B7D8E68827DB122100B7AF4A /* Main.storyboard */,
				B7D8E68B27DB122600B7AF4A /* Assets.xcassets */,
				B7D8E68D27DB122600B7AF4A /* LaunchScreen.storyboard */,
				B7D8E69027DB122600B7AF4A /* Info.plist */,
			);
			path = FeedApplication;
			sourceTree = "<group>";
		};
		B7D8E69827DB122700B7AF4A /* FeedApplicationTests */ = {
			isa = PBXGroup;
			children = (
				B7D8E69927DB122700B7AF4A /* FeedLoaderWithFallbackCompositeTests.swift */,
			);
			path = FeedApplicationTests;
			sourceTree = "<group>";
		};
		B7D8E6A227DB122700B7AF4A /* FeedApplicationUITests */ = {
			isa = PBXGroup;
			children = (
				B7D8E6A327DB122700B7AF4A /* FeedApplicationUITests.swift */,
				B7D8E6A527DB122700B7AF4A /* FeedApplicationUITestsLaunchTests.swift */,
			);
			path = FeedApplicationUITests;
			sourceTree = "<group>";
		};
/* End PBXGroup section */

/* Begin PBXNativeTarget section */
		B7D8E67E27DB122100B7AF4A /* FeedApplication */ = {
			isa = PBXNativeTarget;
			buildConfigurationList = B7D8E6A927DB122700B7AF4A /* Build configuration list for PBXNativeTarget "FeedApplication" */;
			buildPhases = (
				B7D8E67B27DB122100B7AF4A /* Sources */,
				B7D8E67C27DB122100B7AF4A /* Frameworks */,
				B7D8E67D27DB122100B7AF4A /* Resources */,
				B79ABA0027DB135F0014048E /* Embed Frameworks */,
			);
			buildRules = (
			);
			dependencies = (
			);
			name = FeedApplication;
			productName = FeedApplication;
			productReference = B7D8E67F27DB122100B7AF4A /* FeedApplication.app */;
			productType = "com.apple.product-type.application";
		};
		B7D8E69427DB122700B7AF4A /* FeedApplicationTests */ = {
			isa = PBXNativeTarget;
			buildConfigurationList = B7D8E6AC27DB122700B7AF4A /* Build configuration list for PBXNativeTarget "FeedApplicationTests" */;
			buildPhases = (
				B7D8E69127DB122700B7AF4A /* Sources */,
				B7D8E69227DB122700B7AF4A /* Frameworks */,
				B7D8E69327DB122700B7AF4A /* Resources */,
			);
			buildRules = (
			);
			dependencies = (
				B7D8E69727DB122700B7AF4A /* PBXTargetDependency */,
			);
			name = FeedApplicationTests;
			productName = FeedApplicationTests;
			productReference = B7D8E69527DB122700B7AF4A /* FeedApplicationTests.xctest */;
			productType = "com.apple.product-type.bundle.unit-test";
		};
		B7D8E69E27DB122700B7AF4A /* FeedApplicationUITests */ = {
			isa = PBXNativeTarget;
			buildConfigurationList = B7D8E6AF27DB122700B7AF4A /* Build configuration list for PBXNativeTarget "FeedApplicationUITests" */;
			buildPhases = (
				B7D8E69B27DB122700B7AF4A /* Sources */,
				B7D8E69C27DB122700B7AF4A /* Frameworks */,
				B7D8E69D27DB122700B7AF4A /* Resources */,
			);
			buildRules = (
			);
			dependencies = (
				B7D8E6A127DB122700B7AF4A /* PBXTargetDependency */,
			);
			name = FeedApplicationUITests;
			productName = FeedApplicationUITests;
			productReference = B7D8E69F27DB122700B7AF4A /* FeedApplicationUITests.xctest */;
			productType = "com.apple.product-type.bundle.ui-testing";
		};
/* End PBXNativeTarget section */

/* Begin PBXProject section */
		B7D8E67727DB122100B7AF4A /* Project object */ = {
			isa = PBXProject;
			attributes = {
				BuildIndependentTargetsInParallel = 1;
				LastSwiftUpdateCheck = 1320;
				LastUpgradeCheck = 1320;
				TargetAttributes = {
					B7D8E67E27DB122100B7AF4A = {
						CreatedOnToolsVersion = 13.2.1;
					};
					B7D8E69427DB122700B7AF4A = {
						CreatedOnToolsVersion = 13.2.1;
						TestTargetID = B7D8E67E27DB122100B7AF4A;
					};
					B7D8E69E27DB122700B7AF4A = {
						CreatedOnToolsVersion = 13.2.1;
						TestTargetID = B7D8E67E27DB122100B7AF4A;
					};
				};
			};
			buildConfigurationList = B7D8E67A27DB122100B7AF4A /* Build configuration list for PBXProject "FeedApplication" */;
			compatibilityVersion = "Xcode 13.0";
			developmentRegion = en;
			hasScannedForEncodings = 0;
			knownRegions = (
				en,
				Base,
			);
			mainGroup = B7D8E67627DB122100B7AF4A;
			productRefGroup = B7D8E68027DB122100B7AF4A /* Products */;
			projectDirPath = "";
			projectRoot = "";
			targets = (
				B7D8E67E27DB122100B7AF4A /* FeedApplication */,
				B7D8E69427DB122700B7AF4A /* FeedApplicationTests */,
				B7D8E69E27DB122700B7AF4A /* FeedApplicationUITests */,
			);
		};
/* End PBXProject section */

/* Begin PBXResourcesBuildPhase section */
		B7D8E67D27DB122100B7AF4A /* Resources */ = {
			isa = PBXResourcesBuildPhase;
			buildActionMask = 2147483647;
			files = (
				B7D8E68F27DB122600B7AF4A /* LaunchScreen.storyboard in Resources */,
				B7D8E68C27DB122600B7AF4A /* Assets.xcassets in Resources */,
				B7D8E68A27DB122100B7AF4A /* Main.storyboard in Resources */,
			);
			runOnlyForDeploymentPostprocessing = 0;
		};
		B7D8E69327DB122700B7AF4A /* Resources */ = {
			isa = PBXResourcesBuildPhase;
			buildActionMask = 2147483647;
			files = (
			);
			runOnlyForDeploymentPostprocessing = 0;
		};
		B7D8E69D27DB122700B7AF4A /* Resources */ = {
			isa = PBXResourcesBuildPhase;
			buildActionMask = 2147483647;
			files = (
			);
			runOnlyForDeploymentPostprocessing = 0;
		};
/* End PBXResourcesBuildPhase section */

/* Begin PBXSourcesBuildPhase section */
		B7D8E67B27DB122100B7AF4A /* Sources */ = {
			isa = PBXSourcesBuildPhase;
			buildActionMask = 2147483647;
			files = (
				B7D8E68327DB122100B7AF4A /* AppDelegate.swift in Sources */,
				B79ABA0727DBF5090014048E /* FeedLoaderWithFallbackComposite.swift in Sources */,
				B7D8E68527DB122100B7AF4A /* SceneDelegate.swift in Sources */,
			);
			runOnlyForDeploymentPostprocessing = 0;
		};
		B7D8E69127DB122700B7AF4A /* Sources */ = {
			isa = PBXSourcesBuildPhase;
			buildActionMask = 2147483647;
			files = (
				B7D8E69A27DB122700B7AF4A /* FeedLoaderWithFallbackCompositeTests.swift in Sources */,
			);
			runOnlyForDeploymentPostprocessing = 0;
		};
		B7D8E69B27DB122700B7AF4A /* Sources */ = {
			isa = PBXSourcesBuildPhase;
			buildActionMask = 2147483647;
			files = (
				B7D8E6A427DB122700B7AF4A /* FeedApplicationUITests.swift in Sources */,
				B7D8E6A627DB122700B7AF4A /* FeedApplicationUITestsLaunchTests.swift in Sources */,
			);
			runOnlyForDeploymentPostprocessing = 0;
		};
/* End PBXSourcesBuildPhase section */

/* Begin PBXTargetDependency section */
		B7D8E69727DB122700B7AF4A /* PBXTargetDependency */ = {
			isa = PBXTargetDependency;
			target = B7D8E67E27DB122100B7AF4A /* FeedApplication */;
			targetProxy = B7D8E69627DB122700B7AF4A /* PBXContainerItemProxy */;
		};
		B7D8E6A127DB122700B7AF4A /* PBXTargetDependency */ = {
			isa = PBXTargetDependency;
			target = B7D8E67E27DB122100B7AF4A /* FeedApplication */;
			targetProxy = B7D8E6A027DB122700B7AF4A /* PBXContainerItemProxy */;
		};
/* End PBXTargetDependency section */

/* Begin PBXVariantGroup section */
		B7D8E68827DB122100B7AF4A /* Main.storyboard */ = {
			isa = PBXVariantGroup;
			children = (
				B7D8E68927DB122100B7AF4A /* Base */,
			);
			name = Main.storyboard;
			sourceTree = "<group>";
		};
		B7D8E68D27DB122600B7AF4A /* LaunchScreen.storyboard */ = {
			isa = PBXVariantGroup;
			children = (
				B7D8E68E27DB122600B7AF4A /* Base */,
			);
			name = LaunchScreen.storyboard;
			sourceTree = "<group>";
		};
/* End PBXVariantGroup section */

/* Begin XCBuildConfiguration section */
		B7D8E6A727DB122700B7AF4A /* Debug */ = {
			isa = XCBuildConfiguration;
			buildSettings = {
				ALWAYS_SEARCH_USER_PATHS = NO;
				CLANG_ANALYZER_NONNULL = YES;
				CLANG_ANALYZER_NUMBER_OBJECT_CONVERSION = YES_AGGRESSIVE;
				CLANG_CXX_LANGUAGE_STANDARD = "gnu++17";
				CLANG_CXX_LIBRARY = "libc++";
				CLANG_ENABLE_MODULES = YES;
				CLANG_ENABLE_OBJC_ARC = YES;
				CLANG_ENABLE_OBJC_WEAK = YES;
				CLANG_WARN_BLOCK_CAPTURE_AUTORELEASING = YES;
				CLANG_WARN_BOOL_CONVERSION = YES;
				CLANG_WARN_COMMA = YES;
				CLANG_WARN_CONSTANT_CONVERSION = YES;
				CLANG_WARN_DEPRECATED_OBJC_IMPLEMENTATIONS = YES;
				CLANG_WARN_DIRECT_OBJC_ISA_USAGE = YES_ERROR;
				CLANG_WARN_DOCUMENTATION_COMMENTS = YES;
				CLANG_WARN_EMPTY_BODY = YES;
				CLANG_WARN_ENUM_CONVERSION = YES;
				CLANG_WARN_INFINITE_RECURSION = YES;
				CLANG_WARN_INT_CONVERSION = YES;
				CLANG_WARN_NON_LITERAL_NULL_CONVERSION = YES;
				CLANG_WARN_OBJC_IMPLICIT_RETAIN_SELF = YES;
				CLANG_WARN_OBJC_LITERAL_CONVERSION = YES;
				CLANG_WARN_OBJC_ROOT_CLASS = YES_ERROR;
				CLANG_WARN_QUOTED_INCLUDE_IN_FRAMEWORK_HEADER = YES;
				CLANG_WARN_RANGE_LOOP_ANALYSIS = YES;
				CLANG_WARN_STRICT_PROTOTYPES = YES;
				CLANG_WARN_SUSPICIOUS_MOVE = YES;
				CLANG_WARN_UNGUARDED_AVAILABILITY = YES_AGGRESSIVE;
				CLANG_WARN_UNREACHABLE_CODE = YES;
				CLANG_WARN__DUPLICATE_METHOD_MATCH = YES;
				COPY_PHASE_STRIP = NO;
				DEBUG_INFORMATION_FORMAT = dwarf;
				ENABLE_STRICT_OBJC_MSGSEND = YES;
				ENABLE_TESTABILITY = YES;
				GCC_C_LANGUAGE_STANDARD = gnu11;
				GCC_DYNAMIC_NO_PIC = NO;
				GCC_NO_COMMON_BLOCKS = YES;
				GCC_OPTIMIZATION_LEVEL = 0;
				GCC_PREPROCESSOR_DEFINITIONS = (
					"DEBUG=1",
					"$(inherited)",
				);
				GCC_WARN_64_TO_32_BIT_CONVERSION = YES;
				GCC_WARN_ABOUT_RETURN_TYPE = YES_ERROR;
				GCC_WARN_UNDECLARED_SELECTOR = YES;
				GCC_WARN_UNINITIALIZED_AUTOS = YES_AGGRESSIVE;
				GCC_WARN_UNUSED_FUNCTION = YES;
				GCC_WARN_UNUSED_VARIABLE = YES;
				IPHONEOS_DEPLOYMENT_TARGET = 15.2;
				MTL_ENABLE_DEBUG_INFO = INCLUDE_SOURCE;
				MTL_FAST_MATH = YES;
				ONLY_ACTIVE_ARCH = YES;
				SDKROOT = iphoneos;
				SWIFT_ACTIVE_COMPILATION_CONDITIONS = DEBUG;
				SWIFT_OPTIMIZATION_LEVEL = "-Onone";
			};
			name = Debug;
		};
		B7D8E6A827DB122700B7AF4A /* Release */ = {
			isa = XCBuildConfiguration;
			buildSettings = {
				ALWAYS_SEARCH_USER_PATHS = NO;
				CLANG_ANALYZER_NONNULL = YES;
				CLANG_ANALYZER_NUMBER_OBJECT_CONVERSION = YES_AGGRESSIVE;
				CLANG_CXX_LANGUAGE_STANDARD = "gnu++17";
				CLANG_CXX_LIBRARY = "libc++";
				CLANG_ENABLE_MODULES = YES;
				CLANG_ENABLE_OBJC_ARC = YES;
				CLANG_ENABLE_OBJC_WEAK = YES;
				CLANG_WARN_BLOCK_CAPTURE_AUTORELEASING = YES;
				CLANG_WARN_BOOL_CONVERSION = YES;
				CLANG_WARN_COMMA = YES;
				CLANG_WARN_CONSTANT_CONVERSION = YES;
				CLANG_WARN_DEPRECATED_OBJC_IMPLEMENTATIONS = YES;
				CLANG_WARN_DIRECT_OBJC_ISA_USAGE = YES_ERROR;
				CLANG_WARN_DOCUMENTATION_COMMENTS = YES;
				CLANG_WARN_EMPTY_BODY = YES;
				CLANG_WARN_ENUM_CONVERSION = YES;
				CLANG_WARN_INFINITE_RECURSION = YES;
				CLANG_WARN_INT_CONVERSION = YES;
				CLANG_WARN_NON_LITERAL_NULL_CONVERSION = YES;
				CLANG_WARN_OBJC_IMPLICIT_RETAIN_SELF = YES;
				CLANG_WARN_OBJC_LITERAL_CONVERSION = YES;
				CLANG_WARN_OBJC_ROOT_CLASS = YES_ERROR;
				CLANG_WARN_QUOTED_INCLUDE_IN_FRAMEWORK_HEADER = YES;
				CLANG_WARN_RANGE_LOOP_ANALYSIS = YES;
				CLANG_WARN_STRICT_PROTOTYPES = YES;
				CLANG_WARN_SUSPICIOUS_MOVE = YES;
				CLANG_WARN_UNGUARDED_AVAILABILITY = YES_AGGRESSIVE;
				CLANG_WARN_UNREACHABLE_CODE = YES;
				CLANG_WARN__DUPLICATE_METHOD_MATCH = YES;
				COPY_PHASE_STRIP = NO;
				DEBUG_INFORMATION_FORMAT = "dwarf-with-dsym";
				ENABLE_NS_ASSERTIONS = NO;
				ENABLE_STRICT_OBJC_MSGSEND = YES;
				GCC_C_LANGUAGE_STANDARD = gnu11;
				GCC_NO_COMMON_BLOCKS = YES;
				GCC_WARN_64_TO_32_BIT_CONVERSION = YES;
				GCC_WARN_ABOUT_RETURN_TYPE = YES_ERROR;
				GCC_WARN_UNDECLARED_SELECTOR = YES;
				GCC_WARN_UNINITIALIZED_AUTOS = YES_AGGRESSIVE;
				GCC_WARN_UNUSED_FUNCTION = YES;
				GCC_WARN_UNUSED_VARIABLE = YES;
				IPHONEOS_DEPLOYMENT_TARGET = 15.2;
				MTL_ENABLE_DEBUG_INFO = NO;
				MTL_FAST_MATH = YES;
				SDKROOT = iphoneos;
				SWIFT_COMPILATION_MODE = wholemodule;
				SWIFT_OPTIMIZATION_LEVEL = "-O";
				VALIDATE_PRODUCT = YES;
			};
			name = Release;
		};
		B7D8E6AA27DB122700B7AF4A /* Debug */ = {
			isa = XCBuildConfiguration;
			buildSettings = {
				ASSETCATALOG_COMPILER_APPICON_NAME = AppIcon;
				ASSETCATALOG_COMPILER_GLOBAL_ACCENT_COLOR_NAME = AccentColor;
				CODE_SIGN_STYLE = Automatic;
				CURRENT_PROJECT_VERSION = 1;
				DEVELOPMENT_TEAM = 5752TAHCMC;
				GENERATE_INFOPLIST_FILE = YES;
				INFOPLIST_FILE = FeedApplication/Info.plist;
				INFOPLIST_KEY_UIApplicationSupportsIndirectInputEvents = YES;
				INFOPLIST_KEY_UILaunchStoryboardName = LaunchScreen;
				INFOPLIST_KEY_UIMainStoryboardFile = Main;
				INFOPLIST_KEY_UISupportedInterfaceOrientations = UIInterfaceOrientationPortrait;
				INFOPLIST_KEY_UISupportedInterfaceOrientations_iPad = "UIInterfaceOrientationPortrait UIInterfaceOrientationPortraitUpsideDown UIInterfaceOrientationLandscapeLeft UIInterfaceOrientationLandscapeRight";
				INFOPLIST_KEY_UISupportedInterfaceOrientations_iPhone = "UIInterfaceOrientationPortrait UIInterfaceOrientationLandscapeLeft UIInterfaceOrientationLandscapeRight";
				LD_RUNPATH_SEARCH_PATHS = (
					"$(inherited)",
					"@executable_path/Frameworks",
				);
				MARKETING_VERSION = 1.0;
				PRODUCT_BUNDLE_IDENTIFIER = "com.o-khoja.FeedApplication";
				PRODUCT_NAME = "$(TARGET_NAME)";
				SWIFT_EMIT_LOC_STRINGS = YES;
				SWIFT_VERSION = 5.0;
				TARGETED_DEVICE_FAMILY = "1,2";
			};
			name = Debug;
		};
		B7D8E6AB27DB122700B7AF4A /* Release */ = {
			isa = XCBuildConfiguration;
			buildSettings = {
				ASSETCATALOG_COMPILER_APPICON_NAME = AppIcon;
				ASSETCATALOG_COMPILER_GLOBAL_ACCENT_COLOR_NAME = AccentColor;
				CODE_SIGN_STYLE = Automatic;
				CURRENT_PROJECT_VERSION = 1;
				DEVELOPMENT_TEAM = 5752TAHCMC;
				GENERATE_INFOPLIST_FILE = YES;
				INFOPLIST_FILE = FeedApplication/Info.plist;
				INFOPLIST_KEY_UIApplicationSupportsIndirectInputEvents = YES;
				INFOPLIST_KEY_UILaunchStoryboardName = LaunchScreen;
				INFOPLIST_KEY_UIMainStoryboardFile = Main;
				INFOPLIST_KEY_UISupportedInterfaceOrientations = UIInterfaceOrientationPortrait;
				INFOPLIST_KEY_UISupportedInterfaceOrientations_iPad = "UIInterfaceOrientationPortrait UIInterfaceOrientationPortraitUpsideDown UIInterfaceOrientationLandscapeLeft UIInterfaceOrientationLandscapeRight";
				INFOPLIST_KEY_UISupportedInterfaceOrientations_iPhone = "UIInterfaceOrientationPortrait UIInterfaceOrientationLandscapeLeft UIInterfaceOrientationLandscapeRight";
				LD_RUNPATH_SEARCH_PATHS = (
					"$(inherited)",
					"@executable_path/Frameworks",
				);
				MARKETING_VERSION = 1.0;
				PRODUCT_BUNDLE_IDENTIFIER = "com.o-khoja.FeedApplication";
				PRODUCT_NAME = "$(TARGET_NAME)";
				SWIFT_EMIT_LOC_STRINGS = YES;
				SWIFT_VERSION = 5.0;
				TARGETED_DEVICE_FAMILY = "1,2";
			};
			name = Release;
		};
		B7D8E6AD27DB122700B7AF4A /* Debug */ = {
			isa = XCBuildConfiguration;
			buildSettings = {
				ALWAYS_EMBED_SWIFT_STANDARD_LIBRARIES = YES;
				BUNDLE_LOADER = "$(TEST_HOST)";
				CODE_SIGN_STYLE = Automatic;
				CURRENT_PROJECT_VERSION = 1;
				DEVELOPMENT_TEAM = 5752TAHCMC;
				GENERATE_INFOPLIST_FILE = YES;
				IPHONEOS_DEPLOYMENT_TARGET = 15.2;
				MARKETING_VERSION = 1.0;
				PRODUCT_BUNDLE_IDENTIFIER = "com.o-khoja.FeedApplicationTests";
				PRODUCT_NAME = "$(TARGET_NAME)";
				SWIFT_EMIT_LOC_STRINGS = NO;
				SWIFT_VERSION = 5.0;
				TARGETED_DEVICE_FAMILY = "1,2";
				TEST_HOST = "$(BUILT_PRODUCTS_DIR)/FeedApplication.app/FeedApplication";
			};
			name = Debug;
		};
		B7D8E6AE27DB122700B7AF4A /* Release */ = {
			isa = XCBuildConfiguration;
			buildSettings = {
				ALWAYS_EMBED_SWIFT_STANDARD_LIBRARIES = YES;
				BUNDLE_LOADER = "$(TEST_HOST)";
				CODE_SIGN_STYLE = Automatic;
				CURRENT_PROJECT_VERSION = 1;
				DEVELOPMENT_TEAM = 5752TAHCMC;
				GENERATE_INFOPLIST_FILE = YES;
				IPHONEOS_DEPLOYMENT_TARGET = 15.2;
				MARKETING_VERSION = 1.0;
				PRODUCT_BUNDLE_IDENTIFIER = "com.o-khoja.FeedApplicationTests";
				PRODUCT_NAME = "$(TARGET_NAME)";
				SWIFT_EMIT_LOC_STRINGS = NO;
				SWIFT_VERSION = 5.0;
				TARGETED_DEVICE_FAMILY = "1,2";
				TEST_HOST = "$(BUILT_PRODUCTS_DIR)/FeedApplication.app/FeedApplication";
			};
			name = Release;
		};
		B7D8E6B027DB122700B7AF4A /* Debug */ = {
			isa = XCBuildConfiguration;
			buildSettings = {
				ALWAYS_EMBED_SWIFT_STANDARD_LIBRARIES = YES;
				CODE_SIGN_STYLE = Automatic;
				CURRENT_PROJECT_VERSION = 1;
				DEVELOPMENT_TEAM = 5752TAHCMC;
				GENERATE_INFOPLIST_FILE = YES;
				MARKETING_VERSION = 1.0;
				PRODUCT_BUNDLE_IDENTIFIER = "com.o-khoja.FeedApplicationUITests";
				PRODUCT_NAME = "$(TARGET_NAME)";
				SWIFT_EMIT_LOC_STRINGS = NO;
				SWIFT_VERSION = 5.0;
				TARGETED_DEVICE_FAMILY = "1,2";
				TEST_TARGET_NAME = FeedApplication;
			};
			name = Debug;
		};
		B7D8E6B127DB122700B7AF4A /* Release */ = {
			isa = XCBuildConfiguration;
			buildSettings = {
				ALWAYS_EMBED_SWIFT_STANDARD_LIBRARIES = YES;
				CODE_SIGN_STYLE = Automatic;
				CURRENT_PROJECT_VERSION = 1;
				DEVELOPMENT_TEAM = 5752TAHCMC;
				GENERATE_INFOPLIST_FILE = YES;
				MARKETING_VERSION = 1.0;
				PRODUCT_BUNDLE_IDENTIFIER = "com.o-khoja.FeedApplicationUITests";
				PRODUCT_NAME = "$(TARGET_NAME)";
				SWIFT_EMIT_LOC_STRINGS = NO;
				SWIFT_VERSION = 5.0;
				TARGETED_DEVICE_FAMILY = "1,2";
				TEST_TARGET_NAME = FeedApplication;
			};
			name = Release;
		};
/* End XCBuildConfiguration section */

/* Begin XCConfigurationList section */
		B7D8E67A27DB122100B7AF4A /* Build configuration list for PBXProject "FeedApplication" */ = {
			isa = XCConfigurationList;
			buildConfigurations = (
				B7D8E6A727DB122700B7AF4A /* Debug */,
				B7D8E6A827DB122700B7AF4A /* Release */,
			);
			defaultConfigurationIsVisible = 0;
			defaultConfigurationName = Release;
		};
		B7D8E6A927DB122700B7AF4A /* Build configuration list for PBXNativeTarget "FeedApplication" */ = {
			isa = XCConfigurationList;
			buildConfigurations = (
				B7D8E6AA27DB122700B7AF4A /* Debug */,
				B7D8E6AB27DB122700B7AF4A /* Release */,
			);
			defaultConfigurationIsVisible = 0;
			defaultConfigurationName = Release;
		};
		B7D8E6AC27DB122700B7AF4A /* Build configuration list for PBXNativeTarget "FeedApplicationTests" */ = {
			isa = XCConfigurationList;
			buildConfigurations = (
				B7D8E6AD27DB122700B7AF4A /* Debug */,
				B7D8E6AE27DB122700B7AF4A /* Release */,
			);
			defaultConfigurationIsVisible = 0;
			defaultConfigurationName = Release;
		};
		B7D8E6AF27DB122700B7AF4A /* Build configuration list for PBXNativeTarget "FeedApplicationUITests" */ = {
			isa = XCConfigurationList;
			buildConfigurations = (
				B7D8E6B027DB122700B7AF4A /* Debug */,
				B7D8E6B127DB122700B7AF4A /* Release */,
			);
			defaultConfigurationIsVisible = 0;
			defaultConfigurationName = Release;
		};
/* End XCConfigurationList section */
	};
	rootObject = B7D8E67727DB122100B7AF4A /* Project object */;
}
