// !$*UTF8*$!
{
	archiveVersion = 1;
	classes = {
	};
	objectVersion = 55;
	objects = {

/* Begin PBXBuildFile section */
		B70F34D027C67A0300E0FA6D /* ErrorView.swift in Sources */ = {isa = PBXBuildFile; fileRef = B70F34CF27C67A0300E0FA6D /* ErrorView.swift */; };
		B70F34D227C6929C00E0FA6D /* UIRefreshControl+Helpers.swift in Sources */ = {isa = PBXBuildFile; fileRef = B70F34D127C6929C00E0FA6D /* UIRefreshControl+Helpers.swift */; };
		B70F34D527C698A900E0FA6D /* FeedPresenterTests.swift in Sources */ = {isa = PBXBuildFile; fileRef = B70F34D327C6988800E0FA6D /* FeedPresenterTests.swift */; };
		B70F34D627C698CD00E0FA6D /* XCTestCase+MemoryLeakTracking.swift in Sources */ = {isa = PBXBuildFile; fileRef = B72BDE0427B1E13500C79E93 /* XCTestCase+MemoryLeakTracking.swift */; };
		B70F8A6D27BEF7E90099C79D /* FeedUIIntegrationTests.swift in Sources */ = {isa = PBXBuildFile; fileRef = B767969627BEEFCF00CC08A1 /* FeedUIIntegrationTests.swift */; };
		B70F8A7027BEFD580099C79D /* FeedCoreModule.framework in Frameworks */ = {isa = PBXBuildFile; fileRef = B7C0EA37279E8F0700634EA7 /* FeedCoreModule.framework */; platformFilter = ios; };
		B70F8A7127BEFD580099C79D /* FeedCoreModule.framework in Embed Frameworks */ = {isa = PBXBuildFile; fileRef = B7C0EA37279E8F0700634EA7 /* FeedCoreModule.framework */; platformFilter = ios; settings = {ATTRIBUTES = (CodeSignOnCopy, RemoveHeadersOnCopy, ); }; };
		B70F8A7527BF06CB0099C79D /* XCTestCase+MemoryLeakTracking.swift in Sources */ = {isa = PBXBuildFile; fileRef = B72BDE0427B1E13500C79E93 /* XCTestCase+MemoryLeakTracking.swift */; };
		B70F8A7927BF19A00099C79D /* FeedViewController.swift in Sources */ = {isa = PBXBuildFile; fileRef = B70F8A7827BF19A00099C79D /* FeedViewController.swift */; };
		B70F8A7B27BF205C0099C79D /* FeedImageCell.swift in Sources */ = {isa = PBXBuildFile; fileRef = B70F8A7A27BF205C0099C79D /* FeedImageCell.swift */; };
		B70F8A7D27BF74B40099C79D /* UIView+Shimmering.swift in Sources */ = {isa = PBXBuildFile; fileRef = B70F8A7C27BF74B40099C79D /* UIView+Shimmering.swift */; };
		B71A7C3C27C0C4450029195A /* FeedImageCellController.swift in Sources */ = {isa = PBXBuildFile; fileRef = B71A7C3B27C0C4450029195A /* FeedImageCellController.swift */; };
		B72BDDFC27AE345E00C79E93 /* HTTPClient.swift in Sources */ = {isa = PBXBuildFile; fileRef = B72BDDFB27AE345E00C79E93 /* HTTPClient.swift */; };
		B72BDDFE27AE34C600C79E93 /* FeedItemsMapper.swift in Sources */ = {isa = PBXBuildFile; fileRef = B72BDDFD27AE34C600C79E93 /* FeedItemsMapper.swift */; };
		B72BDE0127AE46DC00C79E93 /* URLSessionHTTPClientTests.swift in Sources */ = {isa = PBXBuildFile; fileRef = B72BDE0027AE46DC00C79E93 /* URLSessionHTTPClientTests.swift */; };
		B72BDE0327AE46F100C79E93 /* URLSessionHTTPClient.swift in Sources */ = {isa = PBXBuildFile; fileRef = B72BDE0227AE46F100C79E93 /* URLSessionHTTPClient.swift */; };
		B72BDE0527B1E13500C79E93 /* XCTestCase+MemoryLeakTracking.swift in Sources */ = {isa = PBXBuildFile; fileRef = B72BDE0427B1E13500C79E93 /* XCTestCase+MemoryLeakTracking.swift */; };
		B72BDE0E27B22AC100C79E93 /* FeedAPIEndToEndTests.swift in Sources */ = {isa = PBXBuildFile; fileRef = B72BDE0D27B22AC100C79E93 /* FeedAPIEndToEndTests.swift */; };
		B72BDE0F27B22AC100C79E93 /* FeedCoreModule.framework in Frameworks */ = {isa = PBXBuildFile; fileRef = B7C0EA37279E8F0700634EA7 /* FeedCoreModule.framework */; };
		B72BDE1527B230C600C79E93 /* XCTestCase+MemoryLeakTracking.swift in Sources */ = {isa = PBXBuildFile; fileRef = B72BDE0427B1E13500C79E93 /* XCTestCase+MemoryLeakTracking.swift */; };
		B72E44AA27C2EE4F00ECD1BB /* Feed.storyboard in Resources */ = {isa = PBXBuildFile; fileRef = B72E44A927C2EE4F00ECD1BB /* Feed.storyboard */; };
		B72E44AC27C2EEA800ECD1BB /* Feed.xcassets in Resources */ = {isa = PBXBuildFile; fileRef = B72E44AB27C2EEA800ECD1BB /* Feed.xcassets */; };
		B730B07C27B4E67D009F2072 /* ValidateCacheUseCaseTests.swift in Sources */ = {isa = PBXBuildFile; fileRef = B730B07B27B4E67D009F2072 /* ValidateCacheUseCaseTests.swift */; };
		B73D8E5B27B5A0F0007E4BC1 /* CodableFeedStoreTests.swift in Sources */ = {isa = PBXBuildFile; fileRef = B73D8E5A27B5A0F0007E4BC1 /* CodableFeedStoreTests.swift */; };
		B741889227B3982D00D5DB23 /* CacheFeedUseCaseTests.swift in Sources */ = {isa = PBXBuildFile; fileRef = B741889127B3982D00D5DB23 /* CacheFeedUseCaseTests.swift */; };
		B743E96527BB41D60052F7DC /* FeedCacheTestHelpers.swift in Sources */ = {isa = PBXBuildFile; fileRef = B7C5CE3C27B4F5040036EF5B /* FeedCacheTestHelpers.swift */; };
		B767968927BE317A00CC08A1 /* FeediOS.framework in Frameworks */ = {isa = PBXBuildFile; fileRef = B767968127BE317900CC08A1 /* FeediOS.framework */; };
		B769D1FE27D9373C00955B37 /* FeedCoreModule.framework in Frameworks */ = {isa = PBXBuildFile; fileRef = B7C0EA37279E8F0700634EA7 /* FeedCoreModule.framework */; platformFilter = ios; };
		B769D1FF27D9373C00955B37 /* FeedCoreModule.framework in Embed Frameworks */ = {isa = PBXBuildFile; fileRef = B7C0EA37279E8F0700634EA7 /* FeedCoreModule.framework */; settings = {ATTRIBUTES = (CodeSignOnCopy, RemoveHeadersOnCopy, ); }; };
		B769D20527D9397800955B37 /* FeedCacheTestHelpers.swift in Sources */ = {isa = PBXBuildFile; fileRef = B7C5CE3C27B4F5040036EF5B /* FeedCacheTestHelpers.swift */; };
		B769D20627D939A600955B37 /* SharedTestHelpers.swift in Sources */ = {isa = PBXBuildFile; fileRef = B7C5CE3E27B4F92B0036EF5B /* SharedTestHelpers.swift */; };
		B769D21327D93EED00955B37 /* FeedPresenter.swift in Sources */ = {isa = PBXBuildFile; fileRef = B769D21127D93EC600955B37 /* FeedPresenter.swift */; };
		B769D21527D9408D00955B37 /* Feed.strings in Resources */ = {isa = PBXBuildFile; fileRef = B769D20B27D93CD300955B37 /* Feed.strings */; };
		B769D21A27D9415600955B37 /* FeedViewVM.swift in Sources */ = {isa = PBXBuildFile; fileRef = B769D21827D9410C00955B37 /* FeedViewVM.swift */; };
		B769D21B27D9419C00955B37 /* FeedLoadingViewVM.swift in Sources */ = {isa = PBXBuildFile; fileRef = B769D21627D9410100955B37 /* FeedLoadingViewVM.swift */; };
		B769D21C27D941A000955B37 /* FeedLoadingErrrorViewVM.swift in Sources */ = {isa = PBXBuildFile; fileRef = B769D21927D9411700955B37 /* FeedLoadingErrrorViewVM.swift */; };
		B769D21D27D9427F00955B37 /* FeedPresentationModule.framework in Frameworks */ = {isa = PBXBuildFile; fileRef = B7F52A3F27C5745600756ECA /* FeedPresentationModule.framework */; };
		B769D21E27D9427F00955B37 /* FeedPresentationModule.framework in Embed Frameworks */ = {isa = PBXBuildFile; fileRef = B7F52A3F27C5745600756ECA /* FeedPresentationModule.framework */; settings = {ATTRIBUTES = (CodeSignOnCopy, RemoveHeadersOnCopy, ); }; };
		B78F7CFB27C4DF0D00D5E7B9 /* MainQueueDispatchDecorator.swift in Sources */ = {isa = PBXBuildFile; fileRef = B78F7CFA27C4DF0D00D5E7B9 /* MainQueueDispatchDecorator.swift */; };
		B78F7CFD27C4E00A00D5E7B9 /* FeedViewAdapter.swift in Sources */ = {isa = PBXBuildFile; fileRef = B78F7CFC27C4E00A00D5E7B9 /* FeedViewAdapter.swift */; };
		B78F7CFF27C4E03E00D5E7B9 /* WeakRefVirtualProcy.swift in Sources */ = {isa = PBXBuildFile; fileRef = B78F7CFE27C4E03E00D5E7B9 /* WeakRefVirtualProcy.swift */; };
		B78F7D0127C4E08200D5E7B9 /* FeedLoadingPresentationAdapter.swift in Sources */ = {isa = PBXBuildFile; fileRef = B78F7D0027C4E08200D5E7B9 /* FeedLoadingPresentationAdapter.swift */; };
		B78F7D0327C4E0B000D5E7B9 /* ImageLoadingPresentationAdapter.swift in Sources */ = {isa = PBXBuildFile; fileRef = B78F7D0227C4E0B000D5E7B9 /* ImageLoadingPresentationAdapter.swift */; };
		B7906F6627D9444A00B1D336 /* FeedLocalizationTests.swift in Sources */ = {isa = PBXBuildFile; fileRef = B79B8E4327C4BECB0096A151 /* FeedLocalizationTests.swift */; };
		B7906F6827D961F300B1D336 /* FeedImagePresenterTests.swift in Sources */ = {isa = PBXBuildFile; fileRef = B7906F6727D961F300B1D336 /* FeedImagePresenterTests.swift */; };
		B795B30A27BC9DA700A7496A /* FeedCacheIntegrationTests.swift in Sources */ = {isa = PBXBuildFile; fileRef = B795B30927BC9DA700A7496A /* FeedCacheIntegrationTests.swift */; };
		B795B30B27BC9DA700A7496A /* FeedCoreModule.framework in Frameworks */ = {isa = PBXBuildFile; fileRef = B7C0EA37279E8F0700634EA7 /* FeedCoreModule.framework */; };
		B795B31127BCA0E400A7496A /* XCTestCase+MemoryLeakTracking.swift in Sources */ = {isa = PBXBuildFile; fileRef = B72BDE0427B1E13500C79E93 /* XCTestCase+MemoryLeakTracking.swift */; };
		B795B31227BCA72C00A7496A /* FeedCacheTestHelpers.swift in Sources */ = {isa = PBXBuildFile; fileRef = B7C5CE3C27B4F5040036EF5B /* FeedCacheTestHelpers.swift */; };
		B795B31327BCA73C00A7496A /* SharedTestHelpers.swift in Sources */ = {isa = PBXBuildFile; fileRef = B7C5CE3E27B4F92B0036EF5B /* SharedTestHelpers.swift */; };
		B79B8E3727C4A94F0096A151 /* UITableView+Dequeue.swift in Sources */ = {isa = PBXBuildFile; fileRef = B79B8E3627C4A94F0096A151 /* UITableView+Dequeue.swift */; };
		B79B8E3927C4AC340096A151 /* UIView+SetWithAnimation.swift in Sources */ = {isa = PBXBuildFile; fileRef = B79B8E3827C4AC340096A151 /* UIView+SetWithAnimation.swift */; };
		B79B8E3D27C4BC7C0096A151 /* FeedViewControllerTests+Localization.swift in Sources */ = {isa = PBXBuildFile; fileRef = B79B8E3C27C4BC7C0096A151 /* FeedViewControllerTests+Localization.swift */; };
		B7BE6ECB27B493B50064B187 /* LocalFeedLoader.swift in Sources */ = {isa = PBXBuildFile; fileRef = B7BE6ECA27B493B50064B187 /* LocalFeedLoader.swift */; };
		B7BE6ECF27B494580064B187 /* FeedStore.swift in Sources */ = {isa = PBXBuildFile; fileRef = B7BE6ECE27B494580064B187 /* FeedStore.swift */; };
		B7BE6ED127B4A2500064B187 /* RemoteFeedItem.swift in Sources */ = {isa = PBXBuildFile; fileRef = B7BE6ED027B4A2500064B187 /* RemoteFeedItem.swift */; };
		B7BE6ED327B4A26B0064B187 /* LocalFeedImage.swift in Sources */ = {isa = PBXBuildFile; fileRef = B7BE6ED227B4A26B0064B187 /* LocalFeedImage.swift */; };
		B7C0EA40279E8F0700634EA7 /* FeedCoreModule.framework in Frameworks */ = {isa = PBXBuildFile; fileRef = B7C0EA37279E8F0700634EA7 /* FeedCoreModule.framework */; };
		B7C0EA50279E8F6E00634EA7 /* FeedImage.swift in Sources */ = {isa = PBXBuildFile; fileRef = B7C0EA4F279E8F6E00634EA7 /* FeedImage.swift */; };
		B7C0EA52279E8FCF00634EA7 /* FeedLoader.swift in Sources */ = {isa = PBXBuildFile; fileRef = B7C0EA51279E8FCF00634EA7 /* FeedLoader.swift */; };
		B7C0EA58279E968000634EA7 /* LoadFeedFromRemoteUseCaseTests.swift in Sources */ = {isa = PBXBuildFile; fileRef = B7C0EA57279E968000634EA7 /* LoadFeedFromRemoteUseCaseTests.swift */; };
		B7C0EA5B279F72E900634EA7 /* RemoteFeedLoader.swift in Sources */ = {isa = PBXBuildFile; fileRef = B7C0EA5A279F72E900634EA7 /* RemoteFeedLoader.swift */; };
		B7C27C9827C0CEDD00BE8FFA /* FeedUIComposer.swift in Sources */ = {isa = PBXBuildFile; fileRef = B7C27C9727C0CEDD00BE8FFA /* FeedUIComposer.swift */; };
		B7C27C9F27C0FE2300BE8FFA /* UIImage+TestHelpers.swift in Sources */ = {isa = PBXBuildFile; fileRef = B7C27C9E27C0FE2300BE8FFA /* UIImage+TestHelpers.swift */; };
		B7C27CA227C0FE8600BE8FFA /* UIButton+TestHelpers.swift in Sources */ = {isa = PBXBuildFile; fileRef = B7C27CA127C0FE8600BE8FFA /* UIButton+TestHelpers.swift */; };
		B7C27CA427C0FEBF00BE8FFA /* UIRefreshControl+TestHelpers.swift in Sources */ = {isa = PBXBuildFile; fileRef = B7C27CA327C0FEBF00BE8FFA /* UIRefreshControl+TestHelpers.swift */; };
		B7C27CA627C0FF8000BE8FFA /* UIControl+TestHelpers.swift in Sources */ = {isa = PBXBuildFile; fileRef = B7C27CA527C0FF8000BE8FFA /* UIControl+TestHelpers.swift */; };
		B7C27CA927C1009C00BE8FFA /* FeedViewController+Helpers.swift in Sources */ = {isa = PBXBuildFile; fileRef = B7C27CA827C1009C00BE8FFA /* FeedViewController+Helpers.swift */; };
		B7C27CAB27C1010700BE8FFA /* FeedImageCell+Helpers.swift in Sources */ = {isa = PBXBuildFile; fileRef = B7C27CAA27C1010700BE8FFA /* FeedImageCell+Helpers.swift */; };
		B7C27CAD27C101F700BE8FFA /* FeedViewControllerTests+LoaderSpy.swift in Sources */ = {isa = PBXBuildFile; fileRef = B7C27CAC27C101F700BE8FFA /* FeedViewControllerTests+LoaderSpy.swift */; };
		B7C27CAF27C102AB00BE8FFA /* FeedViewControllerTests+Assertions.swift in Sources */ = {isa = PBXBuildFile; fileRef = B7C27CAE27C102AA00BE8FFA /* FeedViewControllerTests+Assertions.swift */; };
		B7C5CE3F27B4F92B0036EF5B /* SharedTestHelpers.swift in Sources */ = {isa = PBXBuildFile; fileRef = B7C5CE3E27B4F92B0036EF5B /* SharedTestHelpers.swift */; };
		B7C5CE4127B584BA0036EF5B /* FeedCachePolicy.swift in Sources */ = {isa = PBXBuildFile; fileRef = B7C5CE4027B584BA0036EF5B /* FeedCachePolicy.swift */; };
		B7D8E60A27D987CB00B7AF4A /* FeedImagePresenter.swift in Sources */ = {isa = PBXBuildFile; fileRef = B7D8E60827D987B500B7AF4A /* FeedImagePresenter.swift */; };
		B7D8E60D27D987F900B7AF4A /* FeedImageViewVM.swift in Sources */ = {isa = PBXBuildFile; fileRef = B7D8E60B27D987DB00B7AF4A /* FeedImageViewVM.swift */; };
		B7D8E60E27D99C3D00B7AF4A /* ImageLoader.swift in Sources */ = {isa = PBXBuildFile; fileRef = B71A7C3427C0B0140029195A /* ImageLoader.swift */; };
		B7D8E61427D99D6100B7AF4A /* LoadImageFromRemoteUseCaseTests.swift in Sources */ = {isa = PBXBuildFile; fileRef = B7D8E61127D99D3A00B7AF4A /* LoadImageFromRemoteUseCaseTests.swift */; };
		B7D8E61927DA9F9900B7AF4A /* HTTPClientSpy.swift in Sources */ = {isa = PBXBuildFile; fileRef = B7D8E61527DA9F3700B7AF4A /* HTTPClientSpy.swift */; };
		B7D8E61B27DAD5FC00B7AF4A /* RemoteImageLoader.swift in Sources */ = {isa = PBXBuildFile; fileRef = B7D8E61A27DAD5FC00B7AF4A /* RemoteImageLoader.swift */; };
		B7D8E61D27DAD9C000B7AF4A /* HTTPURLResponse+StatusCode.swift in Sources */ = {isa = PBXBuildFile; fileRef = B7D8E61C27DAD9C000B7AF4A /* HTTPURLResponse+StatusCode.swift */; };
		B7D8E62227DADAE300B7AF4A /* URLProtocolStub.swift in Sources */ = {isa = PBXBuildFile; fileRef = B7D8E62027DADA8C00B7AF4A /* URLProtocolStub.swift */; };
		B7D8E62627DADB9C00B7AF4A /* LoadImageCacheUseCaseTests.swift in Sources */ = {isa = PBXBuildFile; fileRef = B7D8E62427DADB8700B7AF4A /* LoadImageCacheUseCaseTests.swift */; };
		B7D8E62827DADF4300B7AF4A /* ImageStore.swift in Sources */ = {isa = PBXBuildFile; fileRef = B7D8E62727DADF4300B7AF4A /* ImageStore.swift */; };
		B7D8E62A27DADF6900B7AF4A /* LocalImageLoader.swift in Sources */ = {isa = PBXBuildFile; fileRef = B7D8E62927DADF6900B7AF4A /* LocalImageLoader.swift */; };
		B7D8E62F27DAE2F500B7AF4A /* ImageDataStoreSpy.swift in Sources */ = {isa = PBXBuildFile; fileRef = B7D8E62D27DAE2C600B7AF4A /* ImageDataStoreSpy.swift */; };
		B7D8E63227DAE3C600B7AF4A /* CacheImageUseCaseTests.swift in Sources */ = {isa = PBXBuildFile; fileRef = B7D8E63027DAE3B000B7AF4A /* CacheImageUseCaseTests.swift */; };
		B7D8E63527DAE5DF00B7AF4A /* CoreDataImageStoreTests.swift in Sources */ = {isa = PBXBuildFile; fileRef = B7D8E63327DAE5C000B7AF4A /* CoreDataImageStoreTests.swift */; };
		B7D8E63727DAE71D00B7AF4A /* CareDataFeedStore+ImageStore.swift in Sources */ = {isa = PBXBuildFile; fileRef = B7D8E63627DAE71D00B7AF4A /* CareDataFeedStore+ImageStore.swift */; };
		B7D8E63927DAEA0C00B7AF4A /* CareDataFeedStore+FeedStore.swift in Sources */ = {isa = PBXBuildFile; fileRef = B7D8E63827DAEA0C00B7AF4A /* CareDataFeedStore+FeedStore.swift */; };
		B7DA2C7927B4B4DB002BB526 /* LoadCacheUseCaseTests.swift in Sources */ = {isa = PBXBuildFile; fileRef = B7DA2C7827B4B4DB002BB526 /* LoadCacheUseCaseTests.swift */; };
		B7DA2C7B27B4B657002BB526 /* FeedStoreSpy.swift in Sources */ = {isa = PBXBuildFile; fileRef = B7DA2C7A27B4B657002BB526 /* FeedStoreSpy.swift */; };
		B7F297B327B5F93B002FE92A /* CodableFeedStore.swift in Sources */ = {isa = PBXBuildFile; fileRef = B7F297B227B5F93B002FE92A /* CodableFeedStore.swift */; };
		B7F297B627B613C1002FE92A /* FeedStoreSpecs.swift in Sources */ = {isa = PBXBuildFile; fileRef = B7F297B427B61320002FE92A /* FeedStoreSpecs.swift */; };
		B7F297B827B6145B002FE92A /* XCTestCase+FeedStoreSpecs.swift in Sources */ = {isa = PBXBuildFile; fileRef = B7F297B727B6145B002FE92A /* XCTestCase+FeedStoreSpecs.swift */; };
		B7F297BD27B61A7B002FE92A /* XCTestCase+FailableInsertFeedStoreSpecs.swift in Sources */ = {isa = PBXBuildFile; fileRef = B7F297BC27B61A7B002FE92A /* XCTestCase+FailableInsertFeedStoreSpecs.swift */; };
		B7F297BF27B61BC0002FE92A /* XCTestCase+FailableRetrieveFeedStoreSpecs.swift in Sources */ = {isa = PBXBuildFile; fileRef = B7F297BE27B61BBF002FE92A /* XCTestCase+FailableRetrieveFeedStoreSpecs.swift */; };
		B7F297C127B61E2C002FE92A /* XCTestCase+FailableDeleteFeedStoreSpecs.swift in Sources */ = {isa = PBXBuildFile; fileRef = B7F297C027B61E2C002FE92A /* XCTestCase+FailableDeleteFeedStoreSpecs.swift */; };
		B7F297C327B620A8002FE92A /* CoreDataFeedStoreTests.swift in Sources */ = {isa = PBXBuildFile; fileRef = B7F297C227B620A8002FE92A /* CoreDataFeedStoreTests.swift */; };
		B7F297C727B62199002FE92A /* CoreDataFeedStore.swift in Sources */ = {isa = PBXBuildFile; fileRef = B7F297C627B62199002FE92A /* CoreDataFeedStore.swift */; };
		B7F297CA27B6242F002FE92A /* FeedStore.xcdatamodeld in Sources */ = {isa = PBXBuildFile; fileRef = B7F297C827B6242F002FE92A /* FeedStore.xcdatamodeld */; };
		B7F52A4727C5745700756ECA /* FeedPresentationModule.framework in Frameworks */ = {isa = PBXBuildFile; fileRef = B7F52A3F27C5745600756ECA /* FeedPresentationModule.framework */; };
		B7FAAE8E27BC5A10002B9D09 /* CoreDataHelpers.swift in Sources */ = {isa = PBXBuildFile; fileRef = B7FAAE8D27BC5A10002B9D09 /* CoreDataHelpers.swift */; };
		B7FAAE9027BC5AC5002B9D09 /* ManagedCache.swift in Sources */ = {isa = PBXBuildFile; fileRef = B7FAAE8F27BC5AC5002B9D09 /* ManagedCache.swift */; };
		B7FAAE9227BC5AD7002B9D09 /* ManagedFeedImage.swift in Sources */ = {isa = PBXBuildFile; fileRef = B7FAAE9127BC5AD7002B9D09 /* ManagedFeedImage.swift */; };
/* End PBXBuildFile section */

/* Begin PBXContainerItemProxy section */
		B70F8A7227BEFD580099C79D /* PBXContainerItemProxy */ = {
			isa = PBXContainerItemProxy;
			containerPortal = B7C0EA2E279E8F0700634EA7 /* Project object */;
			proxyType = 1;
			remoteGlobalIDString = B7C0EA36279E8F0700634EA7;
			remoteInfo = FeedModule;
		};
		B72BDE1027B22AC100C79E93 /* PBXContainerItemProxy */ = {
			isa = PBXContainerItemProxy;
			containerPortal = B7C0EA2E279E8F0700634EA7 /* Project object */;
			proxyType = 1;
			remoteGlobalIDString = B7C0EA36279E8F0700634EA7;
			remoteInfo = FeedModule;
		};
		B767968A27BE317A00CC08A1 /* PBXContainerItemProxy */ = {
			isa = PBXContainerItemProxy;
			containerPortal = B7C0EA2E279E8F0700634EA7 /* Project object */;
			proxyType = 1;
			remoteGlobalIDString = B767968027BE317900CC08A1;
			remoteInfo = FeediOS;
		};
		B769D20027D9373C00955B37 /* PBXContainerItemProxy */ = {
			isa = PBXContainerItemProxy;
			containerPortal = B7C0EA2E279E8F0700634EA7 /* Project object */;
			proxyType = 1;
			remoteGlobalIDString = B7C0EA36279E8F0700634EA7;
			remoteInfo = FeedCoreModule;
		};
		B769D21F27D9427F00955B37 /* PBXContainerItemProxy */ = {
			isa = PBXContainerItemProxy;
			containerPortal = B7C0EA2E279E8F0700634EA7 /* Project object */;
			proxyType = 1;
			remoteGlobalIDString = B7F52A3E27C5745600756ECA;
			remoteInfo = FeedPresentationModule;
		};
		B795B30C27BC9DA700A7496A /* PBXContainerItemProxy */ = {
			isa = PBXContainerItemProxy;
			containerPortal = B7C0EA2E279E8F0700634EA7 /* Project object */;
			proxyType = 1;
			remoteGlobalIDString = B7C0EA36279E8F0700634EA7;
			remoteInfo = FeedModule;
		};
		B7C0EA41279E8F0700634EA7 /* PBXContainerItemProxy */ = {
			isa = PBXContainerItemProxy;
			containerPortal = B7C0EA2E279E8F0700634EA7 /* Project object */;
			proxyType = 1;
			remoteGlobalIDString = B7C0EA36279E8F0700634EA7;
			remoteInfo = FeedModule;
		};
		B7F52A4827C5745700756ECA /* PBXContainerItemProxy */ = {
			isa = PBXContainerItemProxy;
			containerPortal = B7C0EA2E279E8F0700634EA7 /* Project object */;
			proxyType = 1;
			remoteGlobalIDString = B7F52A3E27C5745600756ECA;
			remoteInfo = FeedPresentationModule;
		};
/* End PBXContainerItemProxy section */

/* Begin PBXCopyFilesBuildPhase section */
		B70F8A7427BEFD590099C79D /* Embed Frameworks */ = {
			isa = PBXCopyFilesBuildPhase;
			buildActionMask = 2147483647;
			dstPath = "";
			dstSubfolderSpec = 10;
			files = (
				B769D21E27D9427F00955B37 /* FeedPresentationModule.framework in Embed Frameworks */,
				B70F8A7127BEFD580099C79D /* FeedCoreModule.framework in Embed Frameworks */,
			);
			name = "Embed Frameworks";
			runOnlyForDeploymentPostprocessing = 0;
		};
		B769D20227D9373C00955B37 /* Embed Frameworks */ = {
			isa = PBXCopyFilesBuildPhase;
			buildActionMask = 2147483647;
			dstPath = "";
			dstSubfolderSpec = 10;
			files = (
				B769D1FF27D9373C00955B37 /* FeedCoreModule.framework in Embed Frameworks */,
			);
			name = "Embed Frameworks";
			runOnlyForDeploymentPostprocessing = 0;
		};
/* End PBXCopyFilesBuildPhase section */

/* Begin PBXFileReference section */
		B70F34CF27C67A0300E0FA6D /* ErrorView.swift */ = {isa = PBXFileReference; lastKnownFileType = sourcecode.swift; path = ErrorView.swift; sourceTree = "<group>"; };
		B70F34D127C6929C00E0FA6D /* UIRefreshControl+Helpers.swift */ = {isa = PBXFileReference; lastKnownFileType = sourcecode.swift; path = "UIRefreshControl+Helpers.swift"; sourceTree = "<group>"; };
		B70F34D327C6988800E0FA6D /* FeedPresenterTests.swift */ = {isa = PBXFileReference; lastKnownFileType = sourcecode.swift; path = FeedPresenterTests.swift; sourceTree = "<group>"; };
		B70F8A7827BF19A00099C79D /* FeedViewController.swift */ = {isa = PBXFileReference; lastKnownFileType = sourcecode.swift; path = FeedViewController.swift; sourceTree = "<group>"; };
		B70F8A7A27BF205C0099C79D /* FeedImageCell.swift */ = {isa = PBXFileReference; lastKnownFileType = sourcecode.swift; path = FeedImageCell.swift; sourceTree = "<group>"; };
		B70F8A7C27BF74B40099C79D /* UIView+Shimmering.swift */ = {isa = PBXFileReference; lastKnownFileType = sourcecode.swift; path = "UIView+Shimmering.swift"; sourceTree = "<group>"; };
		B71A7C3427C0B0140029195A /* ImageLoader.swift */ = {isa = PBXFileReference; lastKnownFileType = sourcecode.swift; path = ImageLoader.swift; sourceTree = "<group>"; };
		B71A7C3B27C0C4450029195A /* FeedImageCellController.swift */ = {isa = PBXFileReference; lastKnownFileType = sourcecode.swift; path = FeedImageCellController.swift; sourceTree = "<group>"; };
		B72BDDFB27AE345E00C79E93 /* HTTPClient.swift */ = {isa = PBXFileReference; lastKnownFileType = sourcecode.swift; path = HTTPClient.swift; sourceTree = "<group>"; };
		B72BDDFD27AE34C600C79E93 /* FeedItemsMapper.swift */ = {isa = PBXFileReference; lastKnownFileType = sourcecode.swift; path = FeedItemsMapper.swift; sourceTree = "<group>"; };
		B72BDE0027AE46DC00C79E93 /* URLSessionHTTPClientTests.swift */ = {isa = PBXFileReference; lastKnownFileType = sourcecode.swift; path = URLSessionHTTPClientTests.swift; sourceTree = "<group>"; };
		B72BDE0227AE46F100C79E93 /* URLSessionHTTPClient.swift */ = {isa = PBXFileReference; lastKnownFileType = sourcecode.swift; path = URLSessionHTTPClient.swift; sourceTree = "<group>"; };
		B72BDE0427B1E13500C79E93 /* XCTestCase+MemoryLeakTracking.swift */ = {isa = PBXFileReference; lastKnownFileType = sourcecode.swift; path = "XCTestCase+MemoryLeakTracking.swift"; sourceTree = "<group>"; };
		B72BDE0B27B22AC100C79E93 /* FeedAPIEndToEndTests.xctest */ = {isa = PBXFileReference; explicitFileType = wrapper.cfbundle; includeInIndex = 0; path = FeedAPIEndToEndTests.xctest; sourceTree = BUILT_PRODUCTS_DIR; };
		B72BDE0D27B22AC100C79E93 /* FeedAPIEndToEndTests.swift */ = {isa = PBXFileReference; lastKnownFileType = sourcecode.swift; path = FeedAPIEndToEndTests.swift; sourceTree = "<group>"; };
		B72E44A927C2EE4F00ECD1BB /* Feed.storyboard */ = {isa = PBXFileReference; lastKnownFileType = file.storyboard; path = Feed.storyboard; sourceTree = "<group>"; };
		B72E44AB27C2EEA800ECD1BB /* Feed.xcassets */ = {isa = PBXFileReference; lastKnownFileType = folder.assetcatalog; path = Feed.xcassets; sourceTree = "<group>"; };
		B730B07B27B4E67D009F2072 /* ValidateCacheUseCaseTests.swift */ = {isa = PBXFileReference; lastKnownFileType = sourcecode.swift; path = ValidateCacheUseCaseTests.swift; sourceTree = "<group>"; };
		B73D8E5A27B5A0F0007E4BC1 /* CodableFeedStoreTests.swift */ = {isa = PBXFileReference; lastKnownFileType = sourcecode.swift; path = CodableFeedStoreTests.swift; sourceTree = "<group>"; };
		B741889127B3982D00D5DB23 /* CacheFeedUseCaseTests.swift */ = {isa = PBXFileReference; lastKnownFileType = sourcecode.swift; path = CacheFeedUseCaseTests.swift; sourceTree = "<group>"; };
		B767968127BE317900CC08A1 /* FeediOS.framework */ = {isa = PBXFileReference; explicitFileType = wrapper.framework; includeInIndex = 0; path = FeediOS.framework; sourceTree = BUILT_PRODUCTS_DIR; };
		B767968827BE317A00CC08A1 /* FeediOSTests.xctest */ = {isa = PBXFileReference; explicitFileType = wrapper.cfbundle; includeInIndex = 0; path = FeediOSTests.xctest; sourceTree = BUILT_PRODUCTS_DIR; };
		B767969627BEEFCF00CC08A1 /* FeedUIIntegrationTests.swift */ = {isa = PBXFileReference; lastKnownFileType = sourcecode.swift; path = FeedUIIntegrationTests.swift; sourceTree = "<group>"; };
		B769D20A27D93CD300955B37 /* en */ = {isa = PBXFileReference; lastKnownFileType = text.plist.strings; name = en; path = en.lproj/Feed.strings; sourceTree = "<group>"; };
		B769D20C27D93CD500955B37 /* ru */ = {isa = PBXFileReference; lastKnownFileType = text.plist.strings; name = ru; path = ru.lproj/Feed.strings; sourceTree = "<group>"; };
		B769D20D27D93CD600955B37 /* es */ = {isa = PBXFileReference; lastKnownFileType = text.plist.strings; name = es; path = es.lproj/Feed.strings; sourceTree = "<group>"; };
		B769D21127D93EC600955B37 /* FeedPresenter.swift */ = {isa = PBXFileReference; lastKnownFileType = sourcecode.swift; path = FeedPresenter.swift; sourceTree = "<group>"; };
		B769D21627D9410100955B37 /* FeedLoadingViewVM.swift */ = {isa = PBXFileReference; lastKnownFileType = sourcecode.swift; path = FeedLoadingViewVM.swift; sourceTree = "<group>"; };
		B769D21827D9410C00955B37 /* FeedViewVM.swift */ = {isa = PBXFileReference; lastKnownFileType = sourcecode.swift; path = FeedViewVM.swift; sourceTree = "<group>"; };
		B769D21927D9411700955B37 /* FeedLoadingErrrorViewVM.swift */ = {isa = PBXFileReference; lastKnownFileType = sourcecode.swift; path = FeedLoadingErrrorViewVM.swift; sourceTree = "<group>"; };
		B78F7CFA27C4DF0D00D5E7B9 /* MainQueueDispatchDecorator.swift */ = {isa = PBXFileReference; lastKnownFileType = sourcecode.swift; path = MainQueueDispatchDecorator.swift; sourceTree = "<group>"; };
		B78F7CFC27C4E00A00D5E7B9 /* FeedViewAdapter.swift */ = {isa = PBXFileReference; lastKnownFileType = sourcecode.swift; path = FeedViewAdapter.swift; sourceTree = "<group>"; };
		B78F7CFE27C4E03E00D5E7B9 /* WeakRefVirtualProcy.swift */ = {isa = PBXFileReference; lastKnownFileType = sourcecode.swift; path = WeakRefVirtualProcy.swift; sourceTree = "<group>"; };
		B78F7D0027C4E08200D5E7B9 /* FeedLoadingPresentationAdapter.swift */ = {isa = PBXFileReference; lastKnownFileType = sourcecode.swift; path = FeedLoadingPresentationAdapter.swift; sourceTree = "<group>"; };
		B78F7D0227C4E0B000D5E7B9 /* ImageLoadingPresentationAdapter.swift */ = {isa = PBXFileReference; lastKnownFileType = sourcecode.swift; path = ImageLoadingPresentationAdapter.swift; sourceTree = "<group>"; };
		B7906F6727D961F300B1D336 /* FeedImagePresenterTests.swift */ = {isa = PBXFileReference; lastKnownFileType = sourcecode.swift; path = FeedImagePresenterTests.swift; sourceTree = "<group>"; };
		B795B30727BC9DA700A7496A /* FeedCacheIntegrationTests.xctest */ = {isa = PBXFileReference; explicitFileType = wrapper.cfbundle; includeInIndex = 0; path = FeedCacheIntegrationTests.xctest; sourceTree = BUILT_PRODUCTS_DIR; };
		B795B30927BC9DA700A7496A /* FeedCacheIntegrationTests.swift */ = {isa = PBXFileReference; lastKnownFileType = sourcecode.swift; path = FeedCacheIntegrationTests.swift; sourceTree = "<group>"; };
		B79B8E3627C4A94F0096A151 /* UITableView+Dequeue.swift */ = {isa = PBXFileReference; lastKnownFileType = sourcecode.swift; path = "UITableView+Dequeue.swift"; sourceTree = "<group>"; };
		B79B8E3827C4AC340096A151 /* UIView+SetWithAnimation.swift */ = {isa = PBXFileReference; lastKnownFileType = sourcecode.swift; path = "UIView+SetWithAnimation.swift"; sourceTree = "<group>"; };
		B79B8E3C27C4BC7C0096A151 /* FeedViewControllerTests+Localization.swift */ = {isa = PBXFileReference; lastKnownFileType = sourcecode.swift; path = "FeedViewControllerTests+Localization.swift"; sourceTree = "<group>"; };
		B79B8E4327C4BECB0096A151 /* FeedLocalizationTests.swift */ = {isa = PBXFileReference; lastKnownFileType = sourcecode.swift; path = FeedLocalizationTests.swift; sourceTree = "<group>"; };
		B7BE6ECA27B493B50064B187 /* LocalFeedLoader.swift */ = {isa = PBXFileReference; lastKnownFileType = sourcecode.swift; path = LocalFeedLoader.swift; sourceTree = "<group>"; };
		B7BE6ECE27B494580064B187 /* FeedStore.swift */ = {isa = PBXFileReference; lastKnownFileType = sourcecode.swift; path = FeedStore.swift; sourceTree = "<group>"; };
		B7BE6ED027B4A2500064B187 /* RemoteFeedItem.swift */ = {isa = PBXFileReference; lastKnownFileType = sourcecode.swift; path = RemoteFeedItem.swift; sourceTree = "<group>"; };
		B7BE6ED227B4A26B0064B187 /* LocalFeedImage.swift */ = {isa = PBXFileReference; lastKnownFileType = sourcecode.swift; path = LocalFeedImage.swift; sourceTree = "<group>"; };
		B7C0EA37279E8F0700634EA7 /* FeedCoreModule.framework */ = {isa = PBXFileReference; explicitFileType = wrapper.framework; includeInIndex = 0; path = FeedCoreModule.framework; sourceTree = BUILT_PRODUCTS_DIR; };
		B7C0EA3F279E8F0700634EA7 /* FeedCoreModuleTests.xctest */ = {isa = PBXFileReference; explicitFileType = wrapper.cfbundle; includeInIndex = 0; path = FeedCoreModuleTests.xctest; sourceTree = BUILT_PRODUCTS_DIR; };
		B7C0EA4F279E8F6E00634EA7 /* FeedImage.swift */ = {isa = PBXFileReference; lastKnownFileType = sourcecode.swift; path = FeedImage.swift; sourceTree = "<group>"; };
		B7C0EA51279E8FCF00634EA7 /* FeedLoader.swift */ = {isa = PBXFileReference; lastKnownFileType = sourcecode.swift; path = FeedLoader.swift; sourceTree = "<group>"; };
		B7C0EA57279E968000634EA7 /* LoadFeedFromRemoteUseCaseTests.swift */ = {isa = PBXFileReference; lastKnownFileType = sourcecode.swift; path = LoadFeedFromRemoteUseCaseTests.swift; sourceTree = "<group>"; };
		B7C0EA5A279F72E900634EA7 /* RemoteFeedLoader.swift */ = {isa = PBXFileReference; lastKnownFileType = sourcecode.swift; path = RemoteFeedLoader.swift; sourceTree = "<group>"; };
		B7C27C9727C0CEDD00BE8FFA /* FeedUIComposer.swift */ = {isa = PBXFileReference; lastKnownFileType = sourcecode.swift; path = FeedUIComposer.swift; sourceTree = "<group>"; };
		B7C27C9E27C0FE2300BE8FFA /* UIImage+TestHelpers.swift */ = {isa = PBXFileReference; lastKnownFileType = sourcecode.swift; path = "UIImage+TestHelpers.swift"; sourceTree = "<group>"; };
		B7C27CA127C0FE8600BE8FFA /* UIButton+TestHelpers.swift */ = {isa = PBXFileReference; lastKnownFileType = sourcecode.swift; path = "UIButton+TestHelpers.swift"; sourceTree = "<group>"; };
		B7C27CA327C0FEBF00BE8FFA /* UIRefreshControl+TestHelpers.swift */ = {isa = PBXFileReference; lastKnownFileType = sourcecode.swift; path = "UIRefreshControl+TestHelpers.swift"; sourceTree = "<group>"; };
		B7C27CA527C0FF8000BE8FFA /* UIControl+TestHelpers.swift */ = {isa = PBXFileReference; lastKnownFileType = sourcecode.swift; path = "UIControl+TestHelpers.swift"; sourceTree = "<group>"; };
		B7C27CA827C1009C00BE8FFA /* FeedViewController+Helpers.swift */ = {isa = PBXFileReference; lastKnownFileType = sourcecode.swift; path = "FeedViewController+Helpers.swift"; sourceTree = "<group>"; };
		B7C27CAA27C1010700BE8FFA /* FeedImageCell+Helpers.swift */ = {isa = PBXFileReference; lastKnownFileType = sourcecode.swift; path = "FeedImageCell+Helpers.swift"; sourceTree = "<group>"; };
		B7C27CAC27C101F700BE8FFA /* FeedViewControllerTests+LoaderSpy.swift */ = {isa = PBXFileReference; lastKnownFileType = sourcecode.swift; path = "FeedViewControllerTests+LoaderSpy.swift"; sourceTree = "<group>"; };
		B7C27CAE27C102AA00BE8FFA /* FeedViewControllerTests+Assertions.swift */ = {isa = PBXFileReference; lastKnownFileType = sourcecode.swift; path = "FeedViewControllerTests+Assertions.swift"; sourceTree = "<group>"; };
		B7C5CE3C27B4F5040036EF5B /* FeedCacheTestHelpers.swift */ = {isa = PBXFileReference; lastKnownFileType = sourcecode.swift; path = FeedCacheTestHelpers.swift; sourceTree = "<group>"; };
		B7C5CE3E27B4F92B0036EF5B /* SharedTestHelpers.swift */ = {isa = PBXFileReference; lastKnownFileType = sourcecode.swift; path = SharedTestHelpers.swift; sourceTree = "<group>"; };
		B7C5CE4027B584BA0036EF5B /* FeedCachePolicy.swift */ = {isa = PBXFileReference; lastKnownFileType = sourcecode.swift; path = FeedCachePolicy.swift; sourceTree = "<group>"; };
		B7D8E60827D987B500B7AF4A /* FeedImagePresenter.swift */ = {isa = PBXFileReference; lastKnownFileType = sourcecode.swift; path = FeedImagePresenter.swift; sourceTree = "<group>"; };
		B7D8E60B27D987DB00B7AF4A /* FeedImageViewVM.swift */ = {isa = PBXFileReference; lastKnownFileType = sourcecode.swift; path = FeedImageViewVM.swift; sourceTree = "<group>"; };
		B7D8E61127D99D3A00B7AF4A /* LoadImageFromRemoteUseCaseTests.swift */ = {isa = PBXFileReference; lastKnownFileType = sourcecode.swift; path = LoadImageFromRemoteUseCaseTests.swift; sourceTree = "<group>"; };
		B7D8E61527DA9F3700B7AF4A /* HTTPClientSpy.swift */ = {isa = PBXFileReference; lastKnownFileType = sourcecode.swift; path = HTTPClientSpy.swift; sourceTree = "<group>"; };
		B7D8E61A27DAD5FC00B7AF4A /* RemoteImageLoader.swift */ = {isa = PBXFileReference; lastKnownFileType = sourcecode.swift; path = RemoteImageLoader.swift; sourceTree = "<group>"; };
		B7D8E61C27DAD9C000B7AF4A /* HTTPURLResponse+StatusCode.swift */ = {isa = PBXFileReference; lastKnownFileType = sourcecode.swift; path = "HTTPURLResponse+StatusCode.swift"; sourceTree = "<group>"; };
		B7D8E62027DADA8C00B7AF4A /* URLProtocolStub.swift */ = {isa = PBXFileReference; lastKnownFileType = sourcecode.swift; path = URLProtocolStub.swift; sourceTree = "<group>"; };
		B7D8E62427DADB8700B7AF4A /* LoadImageCacheUseCaseTests.swift */ = {isa = PBXFileReference; lastKnownFileType = sourcecode.swift; path = LoadImageCacheUseCaseTests.swift; sourceTree = "<group>"; };
		B7D8E62727DADF4300B7AF4A /* ImageStore.swift */ = {isa = PBXFileReference; lastKnownFileType = sourcecode.swift; path = ImageStore.swift; sourceTree = "<group>"; };
		B7D8E62927DADF6900B7AF4A /* LocalImageLoader.swift */ = {isa = PBXFileReference; lastKnownFileType = sourcecode.swift; path = LocalImageLoader.swift; sourceTree = "<group>"; };
		B7D8E62D27DAE2C600B7AF4A /* ImageDataStoreSpy.swift */ = {isa = PBXFileReference; lastKnownFileType = sourcecode.swift; path = ImageDataStoreSpy.swift; sourceTree = "<group>"; };
		B7D8E63027DAE3B000B7AF4A /* CacheImageUseCaseTests.swift */ = {isa = PBXFileReference; lastKnownFileType = sourcecode.swift; path = CacheImageUseCaseTests.swift; sourceTree = "<group>"; };
		B7D8E63327DAE5C000B7AF4A /* CoreDataImageStoreTests.swift */ = {isa = PBXFileReference; lastKnownFileType = sourcecode.swift; path = CoreDataImageStoreTests.swift; sourceTree = "<group>"; };
		B7D8E63627DAE71D00B7AF4A /* CareDataFeedStore+ImageStore.swift */ = {isa = PBXFileReference; lastKnownFileType = sourcecode.swift; path = "CareDataFeedStore+ImageStore.swift"; sourceTree = "<group>"; };
		B7D8E63827DAEA0C00B7AF4A /* CareDataFeedStore+FeedStore.swift */ = {isa = PBXFileReference; lastKnownFileType = sourcecode.swift; path = "CareDataFeedStore+FeedStore.swift"; sourceTree = "<group>"; };
		B7DA2C7827B4B4DB002BB526 /* LoadCacheUseCaseTests.swift */ = {isa = PBXFileReference; lastKnownFileType = sourcecode.swift; path = LoadCacheUseCaseTests.swift; sourceTree = "<group>"; };
		B7DA2C7A27B4B657002BB526 /* FeedStoreSpy.swift */ = {isa = PBXFileReference; lastKnownFileType = sourcecode.swift; path = FeedStoreSpy.swift; sourceTree = "<group>"; };
		B7F297B227B5F93B002FE92A /* CodableFeedStore.swift */ = {isa = PBXFileReference; lastKnownFileType = sourcecode.swift; path = CodableFeedStore.swift; sourceTree = "<group>"; };
		B7F297B427B61320002FE92A /* FeedStoreSpecs.swift */ = {isa = PBXFileReference; lastKnownFileType = sourcecode.swift; path = FeedStoreSpecs.swift; sourceTree = "<group>"; };
		B7F297B727B6145B002FE92A /* XCTestCase+FeedStoreSpecs.swift */ = {isa = PBXFileReference; lastKnownFileType = sourcecode.swift; path = "XCTestCase+FeedStoreSpecs.swift"; sourceTree = "<group>"; };
		B7F297BC27B61A7B002FE92A /* XCTestCase+FailableInsertFeedStoreSpecs.swift */ = {isa = PBXFileReference; lastKnownFileType = sourcecode.swift; path = "XCTestCase+FailableInsertFeedStoreSpecs.swift"; sourceTree = "<group>"; };
		B7F297BE27B61BBF002FE92A /* XCTestCase+FailableRetrieveFeedStoreSpecs.swift */ = {isa = PBXFileReference; lastKnownFileType = sourcecode.swift; path = "XCTestCase+FailableRetrieveFeedStoreSpecs.swift"; sourceTree = "<group>"; };
		B7F297C027B61E2C002FE92A /* XCTestCase+FailableDeleteFeedStoreSpecs.swift */ = {isa = PBXFileReference; lastKnownFileType = sourcecode.swift; path = "XCTestCase+FailableDeleteFeedStoreSpecs.swift"; sourceTree = "<group>"; };
		B7F297C227B620A8002FE92A /* CoreDataFeedStoreTests.swift */ = {isa = PBXFileReference; lastKnownFileType = sourcecode.swift; path = CoreDataFeedStoreTests.swift; sourceTree = "<group>"; };
		B7F297C627B62199002FE92A /* CoreDataFeedStore.swift */ = {isa = PBXFileReference; lastKnownFileType = sourcecode.swift; path = CoreDataFeedStore.swift; sourceTree = "<group>"; };
		B7F297C927B6242F002FE92A /* FeedStore.xcdatamodel */ = {isa = PBXFileReference; lastKnownFileType = wrapper.xcdatamodel; path = FeedStore.xcdatamodel; sourceTree = "<group>"; };
		B7F52A3F27C5745600756ECA /* FeedPresentationModule.framework */ = {isa = PBXFileReference; explicitFileType = wrapper.framework; includeInIndex = 0; path = FeedPresentationModule.framework; sourceTree = BUILT_PRODUCTS_DIR; };
		B7F52A4627C5745700756ECA /* FeedPresentationModuleTests.xctest */ = {isa = PBXFileReference; explicitFileType = wrapper.cfbundle; includeInIndex = 0; path = FeedPresentationModuleTests.xctest; sourceTree = BUILT_PRODUCTS_DIR; };
		B7FAAE8D27BC5A10002B9D09 /* CoreDataHelpers.swift */ = {isa = PBXFileReference; lastKnownFileType = sourcecode.swift; path = CoreDataHelpers.swift; sourceTree = "<group>"; };
		B7FAAE8F27BC5AC5002B9D09 /* ManagedCache.swift */ = {isa = PBXFileReference; lastKnownFileType = sourcecode.swift; path = ManagedCache.swift; sourceTree = "<group>"; };
		B7FAAE9127BC5AD7002B9D09 /* ManagedFeedImage.swift */ = {isa = PBXFileReference; lastKnownFileType = sourcecode.swift; path = ManagedFeedImage.swift; sourceTree = "<group>"; };
/* End PBXFileReference section */

/* Begin PBXFrameworksBuildPhase section */
		B72BDE0827B22AC100C79E93 /* Frameworks */ = {
			isa = PBXFrameworksBuildPhase;
			buildActionMask = 2147483647;
			files = (
				B72BDE0F27B22AC100C79E93 /* FeedCoreModule.framework in Frameworks */,
			);
			runOnlyForDeploymentPostprocessing = 0;
		};
		B767967E27BE317900CC08A1 /* Frameworks */ = {
			isa = PBXFrameworksBuildPhase;
			buildActionMask = 2147483647;
			files = (
				B769D21D27D9427F00955B37 /* FeedPresentationModule.framework in Frameworks */,
				B70F8A7027BEFD580099C79D /* FeedCoreModule.framework in Frameworks */,
			);
			runOnlyForDeploymentPostprocessing = 0;
		};
		B767968527BE317A00CC08A1 /* Frameworks */ = {
			isa = PBXFrameworksBuildPhase;
			buildActionMask = 2147483647;
			files = (
				B767968927BE317A00CC08A1 /* FeediOS.framework in Frameworks */,
			);
			runOnlyForDeploymentPostprocessing = 0;
		};
		B795B30427BC9DA700A7496A /* Frameworks */ = {
			isa = PBXFrameworksBuildPhase;
			buildActionMask = 2147483647;
			files = (
				B795B30B27BC9DA700A7496A /* FeedCoreModule.framework in Frameworks */,
			);
			runOnlyForDeploymentPostprocessing = 0;
		};
		B7C0EA34279E8F0700634EA7 /* Frameworks */ = {
			isa = PBXFrameworksBuildPhase;
			buildActionMask = 2147483647;
			files = (
			);
			runOnlyForDeploymentPostprocessing = 0;
		};
		B7C0EA3C279E8F0700634EA7 /* Frameworks */ = {
			isa = PBXFrameworksBuildPhase;
			buildActionMask = 2147483647;
			files = (
				B7C0EA40279E8F0700634EA7 /* FeedCoreModule.framework in Frameworks */,
			);
			runOnlyForDeploymentPostprocessing = 0;
		};
		B7F52A3C27C5745600756ECA /* Frameworks */ = {
			isa = PBXFrameworksBuildPhase;
			buildActionMask = 2147483647;
			files = (
				B769D1FE27D9373C00955B37 /* FeedCoreModule.framework in Frameworks */,
			);
			runOnlyForDeploymentPostprocessing = 0;
		};
		B7F52A4327C5745700756ECA /* Frameworks */ = {
			isa = PBXFrameworksBuildPhase;
			buildActionMask = 2147483647;
			files = (
				B7F52A4727C5745700756ECA /* FeedPresentationModule.framework in Frameworks */,
			);
			runOnlyForDeploymentPostprocessing = 0;
		};
/* End PBXFrameworksBuildPhase section */

/* Begin PBXGroup section */
		B70F8A6F27BEFD580099C79D /* Frameworks */ = {
			isa = PBXGroup;
			children = (
			);
			name = Frameworks;
			sourceTree = "<group>";
		};
		B71A7C3627C0B0F80029195A /* Feed UI */ = {
			isa = PBXGroup;
			children = (
				B7C27C9627C0CECC00BE8FFA /* Composers */,
				B71A7C3727C0B1070029195A /* Controllers */,
				B71A7C3827C0B1120029195A /* Views */,
			);
			path = "Feed UI";
			sourceTree = "<group>";
		};
		B71A7C3727C0B1070029195A /* Controllers */ = {
			isa = PBXGroup;
			children = (
				B70F8A7827BF19A00099C79D /* FeedViewController.swift */,
				B71A7C3B27C0C4450029195A /* FeedImageCellController.swift */,
			);
			path = Controllers;
			sourceTree = "<group>";
		};
		B71A7C3827C0B1120029195A /* Views */ = {
			isa = PBXGroup;
			children = (
				B79B8E3527C4A9280096A151 /* Helpers */,
				B70F8A7A27BF205C0099C79D /* FeedImageCell.swift */,
				B70F8A7C27BF74B40099C79D /* UIView+Shimmering.swift */,
				B72E44A927C2EE4F00ECD1BB /* Feed.storyboard */,
				B72E44AB27C2EEA800ECD1BB /* Feed.xcassets */,
				B70F34CF27C67A0300E0FA6D /* ErrorView.swift */,
			);
			path = Views;
			sourceTree = "<group>";
		};
		B72BDDFF27AE3BB200C79E93 /* FeedAPI */ = {
			isa = PBXGroup;
			children = (
				B7D8E61F27DADA6B00B7AF4A /* Helpers */,
				B7C0EA57279E968000634EA7 /* LoadFeedFromRemoteUseCaseTests.swift */,
				B7D8E61127D99D3A00B7AF4A /* LoadImageFromRemoteUseCaseTests.swift */,
				B72BDE0027AE46DC00C79E93 /* URLSessionHTTPClientTests.swift */,
			);
			path = FeedAPI;
			sourceTree = "<group>";
		};
		B72BDE0627B1E13B00C79E93 /* Helpers */ = {
			isa = PBXGroup;
			children = (
				B72BDE0427B1E13500C79E93 /* XCTestCase+MemoryLeakTracking.swift */,
				B7C5CE3E27B4F92B0036EF5B /* SharedTestHelpers.swift */,
				B7D8E61527DA9F3700B7AF4A /* HTTPClientSpy.swift */,
			);
			path = Helpers;
			sourceTree = "<group>";
		};
		B72BDE0C27B22AC100C79E93 /* FeedAPIEndToEndTests */ = {
			isa = PBXGroup;
			children = (
				B72BDE0D27B22AC100C79E93 /* FeedAPIEndToEndTests.swift */,
			);
			path = FeedAPIEndToEndTests;
			sourceTree = "<group>";
		};
		B741889027B3980E00D5DB23 /* Feed Cache */ = {
			isa = PBXGroup;
			children = (
				B7F297B927B615DB002FE92A /* FeedStoreSpecs */,
				B7DA2C7C27B4B6CD002BB526 /* Helpers */,
				B741889127B3982D00D5DB23 /* CacheFeedUseCaseTests.swift */,
				B7DA2C7827B4B4DB002BB526 /* LoadCacheUseCaseTests.swift */,
				B730B07B27B4E67D009F2072 /* ValidateCacheUseCaseTests.swift */,
				B73D8E5A27B5A0F0007E4BC1 /* CodableFeedStoreTests.swift */,
				B7F297C227B620A8002FE92A /* CoreDataFeedStoreTests.swift */,
				B7D8E62427DADB8700B7AF4A /* LoadImageCacheUseCaseTests.swift */,
				B7D8E63027DAE3B000B7AF4A /* CacheImageUseCaseTests.swift */,
				B7D8E63327DAE5C000B7AF4A /* CoreDataImageStoreTests.swift */,
			);
			path = "Feed Cache";
			sourceTree = "<group>";
		};
		B767968227BE317900CC08A1 /* FeediOS */ = {
			isa = PBXGroup;
			children = (
				B71A7C3627C0B0F80029195A /* Feed UI */,
			);
			path = FeediOS;
			sourceTree = "<group>";
		};
		B767968C27BE317A00CC08A1 /* FeediOSTests */ = {
			isa = PBXGroup;
			children = (
				B7C27CA027C0FE2700BE8FFA /* Helpers */,
				B767969627BEEFCF00CC08A1 /* FeedUIIntegrationTests.swift */,
			);
			path = FeediOSTests;
			sourceTree = "<group>";
		};
		B7906F6927D9872400B1D336 /* Feed Image Presentation */ = {
			isa = PBXGroup;
			children = (
				B7D8E60827D987B500B7AF4A /* FeedImagePresenter.swift */,
				B7D8E60B27D987DB00B7AF4A /* FeedImageViewVM.swift */,
			);
			path = "Feed Image Presentation";
			sourceTree = "<group>";
		};
		B795B30827BC9DA700A7496A /* FeedCacheIntegrationTests */ = {
			isa = PBXGroup;
			children = (
				B795B30927BC9DA700A7496A /* FeedCacheIntegrationTests.swift */,
			);
			path = FeedCacheIntegrationTests;
			sourceTree = "<group>";
		};
		B79B8E3527C4A9280096A151 /* Helpers */ = {
			isa = PBXGroup;
			children = (
				B79B8E3627C4A94F0096A151 /* UITableView+Dequeue.swift */,
				B79B8E3827C4AC340096A151 /* UIView+SetWithAnimation.swift */,
				B70F34D127C6929C00E0FA6D /* UIRefreshControl+Helpers.swift */,
			);
			path = Helpers;
			sourceTree = "<group>";
		};
		B7BE6EC927B493A40064B187 /* FeedCache */ = {
			isa = PBXGroup;
			children = (
				B7FAAE8A27BC58F9002B9D09 /* Infrastructure */,
				B7BE6ECA27B493B50064B187 /* LocalFeedLoader.swift */,
				B7BE6ED227B4A26B0064B187 /* LocalFeedImage.swift */,
				B7BE6ECE27B494580064B187 /* FeedStore.swift */,
				B7C5CE4027B584BA0036EF5B /* FeedCachePolicy.swift */,
				B7D8E62727DADF4300B7AF4A /* ImageStore.swift */,
				B7D8E62927DADF6900B7AF4A /* LocalImageLoader.swift */,
			);
			path = FeedCache;
			sourceTree = "<group>";
		};
		B7C0EA2D279E8F0700634EA7 = {
			isa = PBXGroup;
			children = (
				B7F52A5427C5747800756ECA /* Core Layer */,
				B7F52A5527C5749900756ECA /* Presentation Layer */,
				B7F52A5627C574C000756ECA /* UI Layer (iOS) */,
				B7C0EA38279E8F0700634EA7 /* Products */,
				B70F8A6F27BEFD580099C79D /* Frameworks */,
			);
			sourceTree = "<group>";
		};
		B7C0EA38279E8F0700634EA7 /* Products */ = {
			isa = PBXGroup;
			children = (
				B7C0EA37279E8F0700634EA7 /* FeedCoreModule.framework */,
				B7C0EA3F279E8F0700634EA7 /* FeedCoreModuleTests.xctest */,
				B72BDE0B27B22AC100C79E93 /* FeedAPIEndToEndTests.xctest */,
				B795B30727BC9DA700A7496A /* FeedCacheIntegrationTests.xctest */,
				B767968127BE317900CC08A1 /* FeediOS.framework */,
				B767968827BE317A00CC08A1 /* FeediOSTests.xctest */,
				B7F52A3F27C5745600756ECA /* FeedPresentationModule.framework */,
				B7F52A4627C5745700756ECA /* FeedPresentationModuleTests.xctest */,
			);
			name = Products;
			sourceTree = "<group>";
		};
		B7C0EA39279E8F0700634EA7 /* FeedCoreModule */ = {
			isa = PBXGroup;
			children = (
				B7BE6EC927B493A40064B187 /* FeedCache */,
				B7C0EA59279F72D900634EA7 /* FeedAPI */,
				B7C0EA53279E90B400634EA7 /* Feed Feature */,
			);
			path = FeedCoreModule;
			sourceTree = "<group>";
		};
		B7C0EA43279E8F0700634EA7 /* FeedCoreModuleTests */ = {
			isa = PBXGroup;
			children = (
				B72BDE0627B1E13B00C79E93 /* Helpers */,
				B741889027B3980E00D5DB23 /* Feed Cache */,
				B72BDDFF27AE3BB200C79E93 /* FeedAPI */,
			);
			path = FeedCoreModuleTests;
			sourceTree = "<group>";
		};
		B7C0EA53279E90B400634EA7 /* Feed Feature */ = {
			isa = PBXGroup;
			children = (
				B7C0EA4F279E8F6E00634EA7 /* FeedImage.swift */,
				B7C0EA51279E8FCF00634EA7 /* FeedLoader.swift */,
				B71A7C3427C0B0140029195A /* ImageLoader.swift */,
			);
			path = "Feed Feature";
			sourceTree = "<group>";
		};
		B7C0EA59279F72D900634EA7 /* FeedAPI */ = {
			isa = PBXGroup;
			children = (
				B7C0EA5A279F72E900634EA7 /* RemoteFeedLoader.swift */,
				B7BE6ED027B4A2500064B187 /* RemoteFeedItem.swift */,
				B72BDDFD27AE34C600C79E93 /* FeedItemsMapper.swift */,
				B72BDDFB27AE345E00C79E93 /* HTTPClient.swift */,
				B72BDE0227AE46F100C79E93 /* URLSessionHTTPClient.swift */,
				B7D8E61A27DAD5FC00B7AF4A /* RemoteImageLoader.swift */,
				B7D8E61E27DAD9C300B7AF4A /* Helpers */,
			);
			path = FeedAPI;
			sourceTree = "<group>";
		};
		B7C27C9627C0CECC00BE8FFA /* Composers */ = {
			isa = PBXGroup;
			children = (
				B7C27C9727C0CEDD00BE8FFA /* FeedUIComposer.swift */,
				B78F7CFC27C4E00A00D5E7B9 /* FeedViewAdapter.swift */,
				B78F7D0027C4E08200D5E7B9 /* FeedLoadingPresentationAdapter.swift */,
				B78F7D0227C4E0B000D5E7B9 /* ImageLoadingPresentationAdapter.swift */,
				B78F7CFA27C4DF0D00D5E7B9 /* MainQueueDispatchDecorator.swift */,
				B78F7CFE27C4E03E00D5E7B9 /* WeakRefVirtualProcy.swift */,
			);
			path = Composers;
			sourceTree = "<group>";
		};
		B7C27CA027C0FE2700BE8FFA /* Helpers */ = {
			isa = PBXGroup;
			children = (
				B7C27C9E27C0FE2300BE8FFA /* UIImage+TestHelpers.swift */,
				B7C27CA127C0FE8600BE8FFA /* UIButton+TestHelpers.swift */,
				B7C27CA327C0FEBF00BE8FFA /* UIRefreshControl+TestHelpers.swift */,
				B7C27CA527C0FF8000BE8FFA /* UIControl+TestHelpers.swift */,
				B7C27CA827C1009C00BE8FFA /* FeedViewController+Helpers.swift */,
				B7C27CAA27C1010700BE8FFA /* FeedImageCell+Helpers.swift */,
				B7C27CAC27C101F700BE8FFA /* FeedViewControllerTests+LoaderSpy.swift */,
				B7C27CAE27C102AA00BE8FFA /* FeedViewControllerTests+Assertions.swift */,
				B79B8E3C27C4BC7C0096A151 /* FeedViewControllerTests+Localization.swift */,
			);
			path = Helpers;
			sourceTree = "<group>";
		};
		B7D8E60727D9878300B7AF4A /* Feed Presentation */ = {
			isa = PBXGroup;
			children = (
				B769D21127D93EC600955B37 /* FeedPresenter.swift */,
				B769D21827D9410C00955B37 /* FeedViewVM.swift */,
				B769D21627D9410100955B37 /* FeedLoadingViewVM.swift */,
				B769D21927D9411700955B37 /* FeedLoadingErrrorViewVM.swift */,
				B769D20B27D93CD300955B37 /* Feed.strings */,
			);
			path = "Feed Presentation";
			sourceTree = "<group>";
		};
		B7D8E61E27DAD9C300B7AF4A /* Helpers */ = {
			isa = PBXGroup;
			children = (
				B7D8E61C27DAD9C000B7AF4A /* HTTPURLResponse+StatusCode.swift */,
			);
			path = Helpers;
			sourceTree = "<group>";
		};
		B7D8E61F27DADA6B00B7AF4A /* Helpers */ = {
			isa = PBXGroup;
			children = (
				B7D8E62027DADA8C00B7AF4A /* URLProtocolStub.swift */,
			);
			path = Helpers;
			sourceTree = "<group>";
		};
		B7D8E62327DADB1100B7AF4A /* Tests */ = {
			isa = PBXGroup;
			children = (
				B7C0EA43279E8F0700634EA7 /* FeedCoreModuleTests */,
				B72BDE0C27B22AC100C79E93 /* FeedAPIEndToEndTests */,
				B795B30827BC9DA700A7496A /* FeedCacheIntegrationTests */,
			);
			path = Tests;
			sourceTree = "<group>";
		};
		B7DA2C7C27B4B6CD002BB526 /* Helpers */ = {
			isa = PBXGroup;
			children = (
				B7DA2C7A27B4B657002BB526 /* FeedStoreSpy.swift */,
				B7C5CE3C27B4F5040036EF5B /* FeedCacheTestHelpers.swift */,
				B7D8E62D27DAE2C600B7AF4A /* ImageDataStoreSpy.swift */,
			);
			path = Helpers;
			sourceTree = "<group>";
		};
		B7F297B927B615DB002FE92A /* FeedStoreSpecs */ = {
			isa = PBXGroup;
			children = (
				B7F297B427B61320002FE92A /* FeedStoreSpecs.swift */,
				B7F297B727B6145B002FE92A /* XCTestCase+FeedStoreSpecs.swift */,
				B7F297BE27B61BBF002FE92A /* XCTestCase+FailableRetrieveFeedStoreSpecs.swift */,
				B7F297BC27B61A7B002FE92A /* XCTestCase+FailableInsertFeedStoreSpecs.swift */,
				B7F297C027B61E2C002FE92A /* XCTestCase+FailableDeleteFeedStoreSpecs.swift */,
			);
			path = FeedStoreSpecs;
			sourceTree = "<group>";
		};
		B7F52A4027C5745600756ECA /* FeedPresentationModule */ = {
			isa = PBXGroup;
			children = (
				B7D8E60727D9878300B7AF4A /* Feed Presentation */,
				B7906F6927D9872400B1D336 /* Feed Image Presentation */,
			);
			path = FeedPresentationModule;
			sourceTree = "<group>";
		};
		B7F52A4A27C5745700756ECA /* FeedPresentationModuleTests */ = {
			isa = PBXGroup;
			children = (
				B70F34D327C6988800E0FA6D /* FeedPresenterTests.swift */,
				B7906F6727D961F300B1D336 /* FeedImagePresenterTests.swift */,
				B79B8E4327C4BECB0096A151 /* FeedLocalizationTests.swift */,
			);
			path = FeedPresentationModuleTests;
			sourceTree = "<group>";
		};
		B7F52A5427C5747800756ECA /* Core Layer */ = {
			isa = PBXGroup;
			children = (
				B7C0EA39279E8F0700634EA7 /* FeedCoreModule */,
				B7D8E62327DADB1100B7AF4A /* Tests */,
			);
			path = "Core Layer";
			sourceTree = "<group>";
		};
		B7F52A5527C5749900756ECA /* Presentation Layer */ = {
			isa = PBXGroup;
			children = (
				B7F52A4027C5745600756ECA /* FeedPresentationModule */,
				B7F52A4A27C5745700756ECA /* FeedPresentationModuleTests */,
			);
			path = "Presentation Layer";
			sourceTree = "<group>";
		};
		B7F52A5627C574C000756ECA /* UI Layer (iOS) */ = {
			isa = PBXGroup;
			children = (
				B767968227BE317900CC08A1 /* FeediOS */,
				B767968C27BE317A00CC08A1 /* FeediOSTests */,
			);
			path = "UI Layer (iOS)";
			sourceTree = "<group>";
		};
		B7FAAE8A27BC58F9002B9D09 /* Infrastructure */ = {
			isa = PBXGroup;
			children = (
				B7FAAE8C27BC5980002B9D09 /* Codable */,
				B7FAAE8B27BC590B002B9D09 /* CoreData */,
			);
			path = Infrastructure;
			sourceTree = "<group>";
		};
		B7FAAE8B27BC590B002B9D09 /* CoreData */ = {
			isa = PBXGroup;
			children = (
				B7F297C627B62199002FE92A /* CoreDataFeedStore.swift */,
				B7D8E63827DAEA0C00B7AF4A /* CareDataFeedStore+FeedStore.swift */,
				B7D8E63627DAE71D00B7AF4A /* CareDataFeedStore+ImageStore.swift */,
				B7FAAE8D27BC5A10002B9D09 /* CoreDataHelpers.swift */,
				B7FAAE8F27BC5AC5002B9D09 /* ManagedCache.swift */,
				B7FAAE9127BC5AD7002B9D09 /* ManagedFeedImage.swift */,
				B7F297C827B6242F002FE92A /* FeedStore.xcdatamodeld */,
			);
			path = CoreData;
			sourceTree = "<group>";
		};
		B7FAAE8C27BC5980002B9D09 /* Codable */ = {
			isa = PBXGroup;
			children = (
				B7F297B227B5F93B002FE92A /* CodableFeedStore.swift */,
			);
			path = Codable;
			sourceTree = "<group>";
		};
/* End PBXGroup section */

/* Begin PBXHeadersBuildPhase section */
		B767967C27BE317900CC08A1 /* Headers */ = {
			isa = PBXHeadersBuildPhase;
			buildActionMask = 2147483647;
			files = (
			);
			runOnlyForDeploymentPostprocessing = 0;
		};
		B7C0EA32279E8F0700634EA7 /* Headers */ = {
			isa = PBXHeadersBuildPhase;
			buildActionMask = 2147483647;
			files = (
			);
			runOnlyForDeploymentPostprocessing = 0;
		};
		B7F52A3A27C5745600756ECA /* Headers */ = {
			isa = PBXHeadersBuildPhase;
			buildActionMask = 2147483647;
			files = (
			);
			runOnlyForDeploymentPostprocessing = 0;
		};
/* End PBXHeadersBuildPhase section */

/* Begin PBXNativeTarget section */
		B72BDE0A27B22AC100C79E93 /* FeedAPIEndToEndTests */ = {
			isa = PBXNativeTarget;
			buildConfigurationList = B72BDE1227B22AC100C79E93 /* Build configuration list for PBXNativeTarget "FeedAPIEndToEndTests" */;
			buildPhases = (
				B72BDE0727B22AC100C79E93 /* Sources */,
				B72BDE0827B22AC100C79E93 /* Frameworks */,
				B72BDE0927B22AC100C79E93 /* Resources */,
			);
			buildRules = (
			);
			dependencies = (
				B72BDE1127B22AC100C79E93 /* PBXTargetDependency */,
			);
			name = FeedAPIEndToEndTests;
			productName = FeedAPIEndToEndTests;
			productReference = B72BDE0B27B22AC100C79E93 /* FeedAPIEndToEndTests.xctest */;
			productType = "com.apple.product-type.bundle.unit-test";
		};
		B767968027BE317900CC08A1 /* FeediOS */ = {
			isa = PBXNativeTarget;
			buildConfigurationList = B767969027BE317A00CC08A1 /* Build configuration list for PBXNativeTarget "FeediOS" */;
			buildPhases = (
				B767967C27BE317900CC08A1 /* Headers */,
				B767967D27BE317900CC08A1 /* Sources */,
				B767967E27BE317900CC08A1 /* Frameworks */,
				B767967F27BE317900CC08A1 /* Resources */,
				B70F8A7427BEFD590099C79D /* Embed Frameworks */,
			);
			buildRules = (
			);
			dependencies = (
				B70F8A7327BEFD580099C79D /* PBXTargetDependency */,
				B769D22027D9427F00955B37 /* PBXTargetDependency */,
			);
			name = FeediOS;
			productName = FeediOS;
			productReference = B767968127BE317900CC08A1 /* FeediOS.framework */;
			productType = "com.apple.product-type.framework";
		};
		B767968727BE317A00CC08A1 /* FeediOSTests */ = {
			isa = PBXNativeTarget;
			buildConfigurationList = B767969327BE317A00CC08A1 /* Build configuration list for PBXNativeTarget "FeediOSTests" */;
			buildPhases = (
				B767968427BE317A00CC08A1 /* Sources */,
				B767968527BE317A00CC08A1 /* Frameworks */,
				B767968627BE317A00CC08A1 /* Resources */,
			);
			buildRules = (
			);
			dependencies = (
				B767968B27BE317A00CC08A1 /* PBXTargetDependency */,
			);
			name = FeediOSTests;
			productName = FeediOSTests;
			productReference = B767968827BE317A00CC08A1 /* FeediOSTests.xctest */;
			productType = "com.apple.product-type.bundle.unit-test";
		};
		B795B30627BC9DA700A7496A /* FeedCacheIntegrationTests */ = {
			isa = PBXNativeTarget;
			buildConfigurationList = B795B31027BC9DA700A7496A /* Build configuration list for PBXNativeTarget "FeedCacheIntegrationTests" */;
			buildPhases = (
				B795B30327BC9DA700A7496A /* Sources */,
				B795B30427BC9DA700A7496A /* Frameworks */,
				B795B30527BC9DA700A7496A /* Resources */,
			);
			buildRules = (
			);
			dependencies = (
				B795B30D27BC9DA700A7496A /* PBXTargetDependency */,
			);
			name = FeedCacheIntegrationTests;
			productName = FeedCacheIntegrationTests;
			productReference = B795B30727BC9DA700A7496A /* FeedCacheIntegrationTests.xctest */;
			productType = "com.apple.product-type.bundle.unit-test";
		};
		B7C0EA36279E8F0700634EA7 /* FeedCoreModule */ = {
			isa = PBXNativeTarget;
			buildConfigurationList = B7C0EA49279E8F0700634EA7 /* Build configuration list for PBXNativeTarget "FeedCoreModule" */;
			buildPhases = (
				B7C0EA32279E8F0700634EA7 /* Headers */,
				B7C0EA33279E8F0700634EA7 /* Sources */,
				B7C0EA34279E8F0700634EA7 /* Frameworks */,
				B7C0EA35279E8F0700634EA7 /* Resources */,
			);
			buildRules = (
			);
			dependencies = (
			);
			name = FeedCoreModule;
			productName = FeedModule;
			productReference = B7C0EA37279E8F0700634EA7 /* FeedCoreModule.framework */;
			productType = "com.apple.product-type.framework";
		};
		B7C0EA3E279E8F0700634EA7 /* FeedCoreModuleTests */ = {
			isa = PBXNativeTarget;
			buildConfigurationList = B7C0EA4C279E8F0700634EA7 /* Build configuration list for PBXNativeTarget "FeedCoreModuleTests" */;
			buildPhases = (
				B7C0EA3B279E8F0700634EA7 /* Sources */,
				B7C0EA3C279E8F0700634EA7 /* Frameworks */,
				B7C0EA3D279E8F0700634EA7 /* Resources */,
			);
			buildRules = (
			);
			dependencies = (
				B7C0EA42279E8F0700634EA7 /* PBXTargetDependency */,
			);
			name = FeedCoreModuleTests;
			productName = FeedModuleTests;
			productReference = B7C0EA3F279E8F0700634EA7 /* FeedCoreModuleTests.xctest */;
			productType = "com.apple.product-type.bundle.unit-test";
		};
		B7F52A3E27C5745600756ECA /* FeedPresentationModule */ = {
			isa = PBXNativeTarget;
			buildConfigurationList = B7F52A5227C5745700756ECA /* Build configuration list for PBXNativeTarget "FeedPresentationModule" */;
			buildPhases = (
				B7F52A3A27C5745600756ECA /* Headers */,
				B7F52A3B27C5745600756ECA /* Sources */,
				B7F52A3C27C5745600756ECA /* Frameworks */,
				B7F52A3D27C5745600756ECA /* Resources */,
				B769D20227D9373C00955B37 /* Embed Frameworks */,
			);
			buildRules = (
			);
			dependencies = (
				B769D20127D9373C00955B37 /* PBXTargetDependency */,
			);
			name = FeedPresentationModule;
			productName = FeedPresentationModule;
			productReference = B7F52A3F27C5745600756ECA /* FeedPresentationModule.framework */;
			productType = "com.apple.product-type.framework";
		};
		B7F52A4527C5745700756ECA /* FeedPresentationModuleTests */ = {
			isa = PBXNativeTarget;
			buildConfigurationList = B7F52A5327C5745700756ECA /* Build configuration list for PBXNativeTarget "FeedPresentationModuleTests" */;
			buildPhases = (
				B7F52A4227C5745700756ECA /* Sources */,
				B7F52A4327C5745700756ECA /* Frameworks */,
				B7F52A4427C5745700756ECA /* Resources */,
			);
			buildRules = (
			);
			dependencies = (
				B7F52A4927C5745700756ECA /* PBXTargetDependency */,
			);
			name = FeedPresentationModuleTests;
			productName = FeedPresentationModuleTests;
			productReference = B7F52A4627C5745700756ECA /* FeedPresentationModuleTests.xctest */;
			productType = "com.apple.product-type.bundle.unit-test";
		};
/* End PBXNativeTarget section */

/* Begin PBXProject section */
		B7C0EA2E279E8F0700634EA7 /* Project object */ = {
			isa = PBXProject;
			attributes = {
				BuildIndependentTargetsInParallel = 1;
				LastSwiftUpdateCheck = 1320;
				LastUpgradeCheck = 1320;
				TargetAttributes = {
					B72BDE0A27B22AC100C79E93 = {
						CreatedOnToolsVersion = 13.2.1;
					};
					B767968027BE317900CC08A1 = {
						CreatedOnToolsVersion = 13.2.1;
						LastSwiftMigration = 1320;
					};
					B767968727BE317A00CC08A1 = {
						CreatedOnToolsVersion = 13.2.1;
					};
					B795B30627BC9DA700A7496A = {
						CreatedOnToolsVersion = 13.2.1;
					};
					B7C0EA36279E8F0700634EA7 = {
						CreatedOnToolsVersion = 13.2.1;
						LastSwiftMigration = 1320;
					};
					B7C0EA3E279E8F0700634EA7 = {
						CreatedOnToolsVersion = 13.2.1;
						LastSwiftMigration = 1320;
					};
					B7F52A3E27C5745600756ECA = {
						CreatedOnToolsVersion = 13.2.1;
					};
					B7F52A4527C5745700756ECA = {
						CreatedOnToolsVersion = 13.2.1;
					};
				};
			};
			buildConfigurationList = B7C0EA31279E8F0700634EA7 /* Build configuration list for PBXProject "FeedModules" */;
			compatibilityVersion = "Xcode 13.0";
			developmentRegion = en;
			hasScannedForEncodings = 0;
			knownRegions = (
				en,
				Base,
				ru,
				es,
			);
			mainGroup = B7C0EA2D279E8F0700634EA7;
			productRefGroup = B7C0EA38279E8F0700634EA7 /* Products */;
			projectDirPath = "";
			projectRoot = "";
			targets = (
				B7C0EA36279E8F0700634EA7 /* FeedCoreModule */,
				B7C0EA3E279E8F0700634EA7 /* FeedCoreModuleTests */,
				B72BDE0A27B22AC100C79E93 /* FeedAPIEndToEndTests */,
				B795B30627BC9DA700A7496A /* FeedCacheIntegrationTests */,
				B7F52A3E27C5745600756ECA /* FeedPresentationModule */,
				B7F52A4527C5745700756ECA /* FeedPresentationModuleTests */,
				B767968027BE317900CC08A1 /* FeediOS */,
				B767968727BE317A00CC08A1 /* FeediOSTests */,
			);
		};
/* End PBXProject section */

/* Begin PBXResourcesBuildPhase section */
		B72BDE0927B22AC100C79E93 /* Resources */ = {
			isa = PBXResourcesBuildPhase;
			buildActionMask = 2147483647;
			files = (
			);
			runOnlyForDeploymentPostprocessing = 0;
		};
		B767967F27BE317900CC08A1 /* Resources */ = {
			isa = PBXResourcesBuildPhase;
			buildActionMask = 2147483647;
			files = (
				B72E44AA27C2EE4F00ECD1BB /* Feed.storyboard in Resources */,
				B72E44AC27C2EEA800ECD1BB /* Feed.xcassets in Resources */,
			);
			runOnlyForDeploymentPostprocessing = 0;
		};
		B767968627BE317A00CC08A1 /* Resources */ = {
			isa = PBXResourcesBuildPhase;
			buildActionMask = 2147483647;
			files = (
			);
			runOnlyForDeploymentPostprocessing = 0;
		};
		B795B30527BC9DA700A7496A /* Resources */ = {
			isa = PBXResourcesBuildPhase;
			buildActionMask = 2147483647;
			files = (
			);
			runOnlyForDeploymentPostprocessing = 0;
		};
		B7C0EA35279E8F0700634EA7 /* Resources */ = {
			isa = PBXResourcesBuildPhase;
			buildActionMask = 2147483647;
			files = (
			);
			runOnlyForDeploymentPostprocessing = 0;
		};
		B7C0EA3D279E8F0700634EA7 /* Resources */ = {
			isa = PBXResourcesBuildPhase;
			buildActionMask = 2147483647;
			files = (
			);
			runOnlyForDeploymentPostprocessing = 0;
		};
		B7F52A3D27C5745600756ECA /* Resources */ = {
			isa = PBXResourcesBuildPhase;
			buildActionMask = 2147483647;
			files = (
				B769D21527D9408D00955B37 /* Feed.strings in Resources */,
			);
			runOnlyForDeploymentPostprocessing = 0;
		};
		B7F52A4427C5745700756ECA /* Resources */ = {
			isa = PBXResourcesBuildPhase;
			buildActionMask = 2147483647;
			files = (
			);
			runOnlyForDeploymentPostprocessing = 0;
		};
/* End PBXResourcesBuildPhase section */

/* Begin PBXSourcesBuildPhase section */
		B72BDE0727B22AC100C79E93 /* Sources */ = {
			isa = PBXSourcesBuildPhase;
			buildActionMask = 2147483647;
			files = (
				B72BDE0E27B22AC100C79E93 /* FeedAPIEndToEndTests.swift in Sources */,
				B72BDE1527B230C600C79E93 /* XCTestCase+MemoryLeakTracking.swift in Sources */,
			);
			runOnlyForDeploymentPostprocessing = 0;
		};
		B767967D27BE317900CC08A1 /* Sources */ = {
			isa = PBXSourcesBuildPhase;
			buildActionMask = 2147483647;
			files = (
				B70F34D227C6929C00E0FA6D /* UIRefreshControl+Helpers.swift in Sources */,
				B70F8A7D27BF74B40099C79D /* UIView+Shimmering.swift in Sources */,
				B78F7CFD27C4E00A00D5E7B9 /* FeedViewAdapter.swift in Sources */,
				B79B8E3927C4AC340096A151 /* UIView+SetWithAnimation.swift in Sources */,
				B78F7D0327C4E0B000D5E7B9 /* ImageLoadingPresentationAdapter.swift in Sources */,
				B79B8E3727C4A94F0096A151 /* UITableView+Dequeue.swift in Sources */,
				B78F7CFB27C4DF0D00D5E7B9 /* MainQueueDispatchDecorator.swift in Sources */,
				B70F8A7927BF19A00099C79D /* FeedViewController.swift in Sources */,
				B70F8A7B27BF205C0099C79D /* FeedImageCell.swift in Sources */,
				B78F7CFF27C4E03E00D5E7B9 /* WeakRefVirtualProcy.swift in Sources */,
				B70F34D027C67A0300E0FA6D /* ErrorView.swift in Sources */,
				B71A7C3C27C0C4450029195A /* FeedImageCellController.swift in Sources */,
				B78F7D0127C4E08200D5E7B9 /* FeedLoadingPresentationAdapter.swift in Sources */,
				B7C27C9827C0CEDD00BE8FFA /* FeedUIComposer.swift in Sources */,
			);
			runOnlyForDeploymentPostprocessing = 0;
		};
		B767968427BE317A00CC08A1 /* Sources */ = {
			isa = PBXSourcesBuildPhase;
			buildActionMask = 2147483647;
			files = (
				B70F8A6D27BEF7E90099C79D /* FeedUIIntegrationTests.swift in Sources */,
				B7C27CAF27C102AB00BE8FFA /* FeedViewControllerTests+Assertions.swift in Sources */,
				B7C27CA427C0FEBF00BE8FFA /* UIRefreshControl+TestHelpers.swift in Sources */,
				B7C27CAD27C101F700BE8FFA /* FeedViewControllerTests+LoaderSpy.swift in Sources */,
				B7C27CA927C1009C00BE8FFA /* FeedViewController+Helpers.swift in Sources */,
				B7C27CAB27C1010700BE8FFA /* FeedImageCell+Helpers.swift in Sources */,
				B7C27CA227C0FE8600BE8FFA /* UIButton+TestHelpers.swift in Sources */,
				B7C27CA627C0FF8000BE8FFA /* UIControl+TestHelpers.swift in Sources */,
				B70F8A7527BF06CB0099C79D /* XCTestCase+MemoryLeakTracking.swift in Sources */,
				B7C27C9F27C0FE2300BE8FFA /* UIImage+TestHelpers.swift in Sources */,
				B79B8E3D27C4BC7C0096A151 /* FeedViewControllerTests+Localization.swift in Sources */,
			);
			runOnlyForDeploymentPostprocessing = 0;
		};
		B795B30327BC9DA700A7496A /* Sources */ = {
			isa = PBXSourcesBuildPhase;
			buildActionMask = 2147483647;
			files = (
				B795B31327BCA73C00A7496A /* SharedTestHelpers.swift in Sources */,
				B795B30A27BC9DA700A7496A /* FeedCacheIntegrationTests.swift in Sources */,
				B795B31227BCA72C00A7496A /* FeedCacheTestHelpers.swift in Sources */,
				B795B31127BCA0E400A7496A /* XCTestCase+MemoryLeakTracking.swift in Sources */,
			);
			runOnlyForDeploymentPostprocessing = 0;
		};
		B7C0EA33279E8F0700634EA7 /* Sources */ = {
			isa = PBXSourcesBuildPhase;
			buildActionMask = 2147483647;
			files = (
				B7FAAE8E27BC5A10002B9D09 /* CoreDataHelpers.swift in Sources */,
				B72BDDFE27AE34C600C79E93 /* FeedItemsMapper.swift in Sources */,
				B7D8E61D27DAD9C000B7AF4A /* HTTPURLResponse+StatusCode.swift in Sources */,
				B7C0EA52279E8FCF00634EA7 /* FeedLoader.swift in Sources */,
				B7BE6ED127B4A2500064B187 /* RemoteFeedItem.swift in Sources */,
				B7C5CE4127B584BA0036EF5B /* FeedCachePolicy.swift in Sources */,
				B7D8E63927DAEA0C00B7AF4A /* CareDataFeedStore+FeedStore.swift in Sources */,
				B7C0EA5B279F72E900634EA7 /* RemoteFeedLoader.swift in Sources */,
				B7F297CA27B6242F002FE92A /* FeedStore.xcdatamodeld in Sources */,
				B7BE6ED327B4A26B0064B187 /* LocalFeedImage.swift in Sources */,
				B7D8E63727DAE71D00B7AF4A /* CareDataFeedStore+ImageStore.swift in Sources */,
				B7BE6ECF27B494580064B187 /* FeedStore.swift in Sources */,
				B7BE6ECB27B493B50064B187 /* LocalFeedLoader.swift in Sources */,
				B7D8E61B27DAD5FC00B7AF4A /* RemoteImageLoader.swift in Sources */,
				B7F297B327B5F93B002FE92A /* CodableFeedStore.swift in Sources */,
				B72BDDFC27AE345E00C79E93 /* HTTPClient.swift in Sources */,
				B7D8E60E27D99C3D00B7AF4A /* ImageLoader.swift in Sources */,
				B7C0EA50279E8F6E00634EA7 /* FeedImage.swift in Sources */,
				B72BDE0327AE46F100C79E93 /* URLSessionHTTPClient.swift in Sources */,
				B7FAAE9027BC5AC5002B9D09 /* ManagedCache.swift in Sources */,
				B7D8E62A27DADF6900B7AF4A /* LocalImageLoader.swift in Sources */,
				B7F297C727B62199002FE92A /* CoreDataFeedStore.swift in Sources */,
				B7FAAE9227BC5AD7002B9D09 /* ManagedFeedImage.swift in Sources */,
				B7D8E62827DADF4300B7AF4A /* ImageStore.swift in Sources */,
			);
			runOnlyForDeploymentPostprocessing = 0;
		};
		B7C0EA3B279E8F0700634EA7 /* Sources */ = {
			isa = PBXSourcesBuildPhase;
			buildActionMask = 2147483647;
			files = (
				B7C0EA58279E968000634EA7 /* LoadFeedFromRemoteUseCaseTests.swift in Sources */,
				B73D8E5B27B5A0F0007E4BC1 /* CodableFeedStoreTests.swift in Sources */,
				B72BDE0127AE46DC00C79E93 /* URLSessionHTTPClientTests.swift in Sources */,
				B7F297C127B61E2C002FE92A /* XCTestCase+FailableDeleteFeedStoreSpecs.swift in Sources */,
				B7DA2C7B27B4B657002BB526 /* FeedStoreSpy.swift in Sources */,
				B7D8E62F27DAE2F500B7AF4A /* ImageDataStoreSpy.swift in Sources */,
				B741889227B3982D00D5DB23 /* CacheFeedUseCaseTests.swift in Sources */,
				B7D8E62627DADB9C00B7AF4A /* LoadImageCacheUseCaseTests.swift in Sources */,
				B7C5CE3F27B4F92B0036EF5B /* SharedTestHelpers.swift in Sources */,
				B7D8E61927DA9F9900B7AF4A /* HTTPClientSpy.swift in Sources */,
				B7F297BF27B61BC0002FE92A /* XCTestCase+FailableRetrieveFeedStoreSpecs.swift in Sources */,
				B7D8E63527DAE5DF00B7AF4A /* CoreDataImageStoreTests.swift in Sources */,
				B7DA2C7927B4B4DB002BB526 /* LoadCacheUseCaseTests.swift in Sources */,
				B7F297BD27B61A7B002FE92A /* XCTestCase+FailableInsertFeedStoreSpecs.swift in Sources */,
				B72BDE0527B1E13500C79E93 /* XCTestCase+MemoryLeakTracking.swift in Sources */,
				B743E96527BB41D60052F7DC /* FeedCacheTestHelpers.swift in Sources */,
				B7F297B627B613C1002FE92A /* FeedStoreSpecs.swift in Sources */,
				B730B07C27B4E67D009F2072 /* ValidateCacheUseCaseTests.swift in Sources */,
				B7D8E62227DADAE300B7AF4A /* URLProtocolStub.swift in Sources */,
				B7D8E61427D99D6100B7AF4A /* LoadImageFromRemoteUseCaseTests.swift in Sources */,
				B7F297C327B620A8002FE92A /* CoreDataFeedStoreTests.swift in Sources */,
				B7D8E63227DAE3C600B7AF4A /* CacheImageUseCaseTests.swift in Sources */,
				B7F297B827B6145B002FE92A /* XCTestCase+FeedStoreSpecs.swift in Sources */,
			);
			runOnlyForDeploymentPostprocessing = 0;
		};
		B7F52A3B27C5745600756ECA /* Sources */ = {
			isa = PBXSourcesBuildPhase;
			buildActionMask = 2147483647;
			files = (
				B769D21C27D941A000955B37 /* FeedLoadingErrrorViewVM.swift in Sources */,
				B7D8E60D27D987F900B7AF4A /* FeedImageViewVM.swift in Sources */,
				B769D21327D93EED00955B37 /* FeedPresenter.swift in Sources */,
				B769D21B27D9419C00955B37 /* FeedLoadingViewVM.swift in Sources */,
				B769D21A27D9415600955B37 /* FeedViewVM.swift in Sources */,
				B7D8E60A27D987CB00B7AF4A /* FeedImagePresenter.swift in Sources */,
			);
			runOnlyForDeploymentPostprocessing = 0;
		};
		B7F52A4227C5745700756ECA /* Sources */ = {
			isa = PBXSourcesBuildPhase;
			buildActionMask = 2147483647;
			files = (
				B769D20627D939A600955B37 /* SharedTestHelpers.swift in Sources */,
				B70F34D527C698A900E0FA6D /* FeedPresenterTests.swift in Sources */,
				B769D20527D9397800955B37 /* FeedCacheTestHelpers.swift in Sources */,
				B7906F6627D9444A00B1D336 /* FeedLocalizationTests.swift in Sources */,
				B7906F6827D961F300B1D336 /* FeedImagePresenterTests.swift in Sources */,
				B70F34D627C698CD00E0FA6D /* XCTestCase+MemoryLeakTracking.swift in Sources */,
			);
			runOnlyForDeploymentPostprocessing = 0;
		};
/* End PBXSourcesBuildPhase section */

/* Begin PBXTargetDependency section */
		B70F8A7327BEFD580099C79D /* PBXTargetDependency */ = {
			isa = PBXTargetDependency;
			platformFilter = ios;
			target = B7C0EA36279E8F0700634EA7 /* FeedCoreModule */;
			targetProxy = B70F8A7227BEFD580099C79D /* PBXContainerItemProxy */;
		};
		B72BDE1127B22AC100C79E93 /* PBXTargetDependency */ = {
			isa = PBXTargetDependency;
			target = B7C0EA36279E8F0700634EA7 /* FeedCoreModule */;
			targetProxy = B72BDE1027B22AC100C79E93 /* PBXContainerItemProxy */;
		};
		B767968B27BE317A00CC08A1 /* PBXTargetDependency */ = {
			isa = PBXTargetDependency;
			target = B767968027BE317900CC08A1 /* FeediOS */;
			targetProxy = B767968A27BE317A00CC08A1 /* PBXContainerItemProxy */;
		};
		B769D20127D9373C00955B37 /* PBXTargetDependency */ = {
			isa = PBXTargetDependency;
			platformFilter = ios;
			target = B7C0EA36279E8F0700634EA7 /* FeedCoreModule */;
			targetProxy = B769D20027D9373C00955B37 /* PBXContainerItemProxy */;
		};
		B769D22027D9427F00955B37 /* PBXTargetDependency */ = {
			isa = PBXTargetDependency;
			target = B7F52A3E27C5745600756ECA /* FeedPresentationModule */;
			targetProxy = B769D21F27D9427F00955B37 /* PBXContainerItemProxy */;
		};
		B795B30D27BC9DA700A7496A /* PBXTargetDependency */ = {
			isa = PBXTargetDependency;
			target = B7C0EA36279E8F0700634EA7 /* FeedCoreModule */;
			targetProxy = B795B30C27BC9DA700A7496A /* PBXContainerItemProxy */;
		};
		B7C0EA42279E8F0700634EA7 /* PBXTargetDependency */ = {
			isa = PBXTargetDependency;
			target = B7C0EA36279E8F0700634EA7 /* FeedCoreModule */;
			targetProxy = B7C0EA41279E8F0700634EA7 /* PBXContainerItemProxy */;
		};
		B7F52A4927C5745700756ECA /* PBXTargetDependency */ = {
			isa = PBXTargetDependency;
			target = B7F52A3E27C5745600756ECA /* FeedPresentationModule */;
			targetProxy = B7F52A4827C5745700756ECA /* PBXContainerItemProxy */;
		};
/* End PBXTargetDependency section */

/* Begin PBXVariantGroup section */
		B769D20B27D93CD300955B37 /* Feed.strings */ = {
			isa = PBXVariantGroup;
			children = (
				B769D20A27D93CD300955B37 /* en */,
				B769D20C27D93CD500955B37 /* ru */,
				B769D20D27D93CD600955B37 /* es */,
			);
			name = Feed.strings;
			sourceTree = "<group>";
		};
/* End PBXVariantGroup section */

/* Begin XCBuildConfiguration section */
		B72BDE1327B22AC100C79E93 /* Debug */ = {
			isa = XCBuildConfiguration;
			buildSettings = {
				CODE_SIGN_STYLE = Automatic;
				CURRENT_PROJECT_VERSION = 1;
				DEVELOPMENT_TEAM = 5752TAHCMC;
				GENERATE_INFOPLIST_FILE = YES;
				MARKETING_VERSION = 1.0;
				PRODUCT_BUNDLE_IDENTIFIER = "com.rokit-tek.FeedAPIEndToEndTests";
				PRODUCT_NAME = "$(TARGET_NAME)";
				SUPPORTED_PLATFORMS = "macosx iphoneos iphonesimulator";
				SWIFT_EMIT_LOC_STRINGS = NO;
				SWIFT_VERSION = 5.0;
			};
			name = Debug;
		};
		B72BDE1427B22AC100C79E93 /* Release */ = {
			isa = XCBuildConfiguration;
			buildSettings = {
				CODE_SIGN_STYLE = Automatic;
				CURRENT_PROJECT_VERSION = 1;
				DEVELOPMENT_TEAM = 5752TAHCMC;
				GENERATE_INFOPLIST_FILE = YES;
				MARKETING_VERSION = 1.0;
				PRODUCT_BUNDLE_IDENTIFIER = "com.rokit-tek.FeedAPIEndToEndTests";
				PRODUCT_NAME = "$(TARGET_NAME)";
				SUPPORTED_PLATFORMS = "macosx iphoneos iphonesimulator";
				SWIFT_EMIT_LOC_STRINGS = NO;
				SWIFT_VERSION = 5.0;
			};
			name = Release;
		};
		B767969127BE317A00CC08A1 /* Debug */ = {
			isa = XCBuildConfiguration;
			buildSettings = {
				CLANG_ENABLE_MODULES = YES;
				CODE_SIGN_STYLE = Automatic;
				CURRENT_PROJECT_VERSION = 1;
				DEFINES_MODULE = YES;
				DEVELOPMENT_TEAM = 5752TAHCMC;
				DYLIB_COMPATIBILITY_VERSION = 1;
				DYLIB_CURRENT_VERSION = 1;
				DYLIB_INSTALL_NAME_BASE = "@rpath";
				GENERATE_INFOPLIST_FILE = YES;
				INFOPLIST_KEY_NSHumanReadableCopyright = "";
				INSTALL_PATH = "$(LOCAL_LIBRARY_DIR)/Frameworks";
				IPHONEOS_DEPLOYMENT_TARGET = 15.2;
				LD_RUNPATH_SEARCH_PATHS = (
					"$(inherited)",
					"@executable_path/Frameworks",
					"@loader_path/Frameworks",
				);
				MARKETING_VERSION = 1.0;
				PRODUCT_BUNDLE_IDENTIFIER = "com.rokit-tek.FeediOS";
				PRODUCT_NAME = "$(TARGET_NAME:c99extidentifier)";
				SDKROOT = iphoneos;
				SKIP_INSTALL = YES;
				SWIFT_EMIT_LOC_STRINGS = YES;
				SWIFT_OPTIMIZATION_LEVEL = "-Onone";
				SWIFT_VERSION = 5.0;
				TARGETED_DEVICE_FAMILY = "1,2";
			};
			name = Debug;
		};
		B767969227BE317A00CC08A1 /* Release */ = {
			isa = XCBuildConfiguration;
			buildSettings = {
				CLANG_ENABLE_MODULES = YES;
				CODE_SIGN_STYLE = Automatic;
				CURRENT_PROJECT_VERSION = 1;
				DEFINES_MODULE = YES;
				DEVELOPMENT_TEAM = 5752TAHCMC;
				DYLIB_COMPATIBILITY_VERSION = 1;
				DYLIB_CURRENT_VERSION = 1;
				DYLIB_INSTALL_NAME_BASE = "@rpath";
				GENERATE_INFOPLIST_FILE = YES;
				INFOPLIST_KEY_NSHumanReadableCopyright = "";
				INSTALL_PATH = "$(LOCAL_LIBRARY_DIR)/Frameworks";
				IPHONEOS_DEPLOYMENT_TARGET = 15.2;
				LD_RUNPATH_SEARCH_PATHS = (
					"$(inherited)",
					"@executable_path/Frameworks",
					"@loader_path/Frameworks",
				);
				MARKETING_VERSION = 1.0;
				PRODUCT_BUNDLE_IDENTIFIER = "com.rokit-tek.FeediOS";
				PRODUCT_NAME = "$(TARGET_NAME:c99extidentifier)";
				SDKROOT = iphoneos;
				SKIP_INSTALL = YES;
				SWIFT_EMIT_LOC_STRINGS = YES;
				SWIFT_VERSION = 5.0;
				TARGETED_DEVICE_FAMILY = "1,2";
				VALIDATE_PRODUCT = YES;
			};
			name = Release;
		};
		B767969427BE317A00CC08A1 /* Debug */ = {
			isa = XCBuildConfiguration;
			buildSettings = {
				ALWAYS_EMBED_SWIFT_STANDARD_LIBRARIES = YES;
				CODE_SIGN_STYLE = Automatic;
				CURRENT_PROJECT_VERSION = 1;
				DEVELOPMENT_TEAM = 5752TAHCMC;
				GENERATE_INFOPLIST_FILE = YES;
				IPHONEOS_DEPLOYMENT_TARGET = 15.2;
				MARKETING_VERSION = 1.0;
				PRODUCT_BUNDLE_IDENTIFIER = "com.rokit-tek.FeediOSTests";
				PRODUCT_NAME = "$(TARGET_NAME)";
				SDKROOT = iphoneos;
				SWIFT_EMIT_LOC_STRINGS = NO;
				SWIFT_VERSION = 5.0;
				TARGETED_DEVICE_FAMILY = "1,2";
			};
			name = Debug;
		};
		B767969527BE317A00CC08A1 /* Release */ = {
			isa = XCBuildConfiguration;
			buildSettings = {
				ALWAYS_EMBED_SWIFT_STANDARD_LIBRARIES = YES;
				CODE_SIGN_STYLE = Automatic;
				CURRENT_PROJECT_VERSION = 1;
				DEVELOPMENT_TEAM = 5752TAHCMC;
				GENERATE_INFOPLIST_FILE = YES;
				IPHONEOS_DEPLOYMENT_TARGET = 15.2;
				MARKETING_VERSION = 1.0;
				PRODUCT_BUNDLE_IDENTIFIER = "com.rokit-tek.FeediOSTests";
				PRODUCT_NAME = "$(TARGET_NAME)";
				SDKROOT = iphoneos;
				SWIFT_EMIT_LOC_STRINGS = NO;
				SWIFT_VERSION = 5.0;
				TARGETED_DEVICE_FAMILY = "1,2";
				VALIDATE_PRODUCT = YES;
			};
			name = Release;
		};
		B795B30E27BC9DA700A7496A /* Debug */ = {
			isa = XCBuildConfiguration;
			buildSettings = {
				CODE_SIGN_STYLE = Automatic;
				CURRENT_PROJECT_VERSION = 1;
				DEVELOPMENT_TEAM = 5752TAHCMC;
				GENERATE_INFOPLIST_FILE = YES;
				MACOSX_DEPLOYMENT_TARGET = 12.1;
				MARKETING_VERSION = 1.0;
				PRODUCT_BUNDLE_IDENTIFIER = "com.rokit-tek.FeedCacheIntegrationTests";
				PRODUCT_NAME = "$(TARGET_NAME)";
				SUPPORTED_PLATFORMS = "macosx iphoneos iphonesimulator";
				SWIFT_EMIT_LOC_STRINGS = NO;
				SWIFT_VERSION = 5.0;
			};
			name = Debug;
		};
		B795B30F27BC9DA700A7496A /* Release */ = {
			isa = XCBuildConfiguration;
			buildSettings = {
				CODE_SIGN_STYLE = Automatic;
				CURRENT_PROJECT_VERSION = 1;
				DEVELOPMENT_TEAM = 5752TAHCMC;
				GENERATE_INFOPLIST_FILE = YES;
				MACOSX_DEPLOYMENT_TARGET = 12.1;
				MARKETING_VERSION = 1.0;
				PRODUCT_BUNDLE_IDENTIFIER = "com.rokit-tek.FeedCacheIntegrationTests";
				PRODUCT_NAME = "$(TARGET_NAME)";
				SUPPORTED_PLATFORMS = "macosx iphoneos iphonesimulator";
				SWIFT_EMIT_LOC_STRINGS = NO;
				SWIFT_VERSION = 5.0;
			};
			name = Release;
		};
		B7C0EA47279E8F0700634EA7 /* Debug */ = {
			isa = XCBuildConfiguration;
			buildSettings = {
				ALWAYS_SEARCH_USER_PATHS = NO;
				CLANG_ANALYZER_LOCALIZABILITY_NONLOCALIZED = YES;
				CLANG_ANALYZER_NONNULL = YES;
				CLANG_ANALYZER_NUMBER_OBJECT_CONVERSION = YES_AGGRESSIVE;
				CLANG_CXX_LANGUAGE_STANDARD = "gnu++17";
				CLANG_CXX_LIBRARY = "libc++";
				CLANG_ENABLE_MODULES = YES;
				CLANG_ENABLE_OBJC_ARC = YES;
				CLANG_ENABLE_OBJC_WEAK = YES;
				CLANG_WARN_BLOCK_CAPTURE_AUTORELEASING = YES;
				CLANG_WARN_BOOL_CONVERSION = YES;
				CLANG_WARN_COMMA = YES;
				CLANG_WARN_CONSTANT_CONVERSION = YES;
				CLANG_WARN_DEPRECATED_OBJC_IMPLEMENTATIONS = YES;
				CLANG_WARN_DIRECT_OBJC_ISA_USAGE = YES_ERROR;
				CLANG_WARN_DOCUMENTATION_COMMENTS = YES;
				CLANG_WARN_EMPTY_BODY = YES;
				CLANG_WARN_ENUM_CONVERSION = YES;
				CLANG_WARN_INFINITE_RECURSION = YES;
				CLANG_WARN_INT_CONVERSION = YES;
				CLANG_WARN_NON_LITERAL_NULL_CONVERSION = YES;
				CLANG_WARN_OBJC_IMPLICIT_RETAIN_SELF = YES;
				CLANG_WARN_OBJC_LITERAL_CONVERSION = YES;
				CLANG_WARN_OBJC_ROOT_CLASS = YES_ERROR;
				CLANG_WARN_QUOTED_INCLUDE_IN_FRAMEWORK_HEADER = YES;
				CLANG_WARN_RANGE_LOOP_ANALYSIS = YES;
				CLANG_WARN_STRICT_PROTOTYPES = YES;
				CLANG_WARN_SUSPICIOUS_MOVE = YES;
				CLANG_WARN_UNGUARDED_AVAILABILITY = YES_AGGRESSIVE;
				CLANG_WARN_UNREACHABLE_CODE = YES;
				CLANG_WARN__DUPLICATE_METHOD_MATCH = YES;
				COPY_PHASE_STRIP = NO;
				CURRENT_PROJECT_VERSION = 1;
				DEBUG_INFORMATION_FORMAT = dwarf;
				ENABLE_STRICT_OBJC_MSGSEND = YES;
				ENABLE_TESTABILITY = YES;
				GCC_C_LANGUAGE_STANDARD = gnu11;
				GCC_DYNAMIC_NO_PIC = NO;
				GCC_NO_COMMON_BLOCKS = YES;
				GCC_OPTIMIZATION_LEVEL = 0;
				GCC_PREPROCESSOR_DEFINITIONS = (
					"DEBUG=1",
					"$(inherited)",
				);
				GCC_WARN_64_TO_32_BIT_CONVERSION = YES;
				GCC_WARN_ABOUT_RETURN_TYPE = YES_ERROR;
				GCC_WARN_UNDECLARED_SELECTOR = YES;
				GCC_WARN_UNINITIALIZED_AUTOS = YES_AGGRESSIVE;
				GCC_WARN_UNUSED_FUNCTION = YES;
				GCC_WARN_UNUSED_VARIABLE = YES;
				MACOSX_DEPLOYMENT_TARGET = 11.5;
				MTL_ENABLE_DEBUG_INFO = INCLUDE_SOURCE;
				MTL_FAST_MATH = YES;
				ONLY_ACTIVE_ARCH = YES;
				SDKROOT = macosx;
				SWIFT_ACTIVE_COMPILATION_CONDITIONS = DEBUG;
				SWIFT_OPTIMIZATION_LEVEL = "-Onone";
				VERSIONING_SYSTEM = "apple-generic";
				VERSION_INFO_PREFIX = "";
			};
			name = Debug;
		};
		B7C0EA48279E8F0700634EA7 /* Release */ = {
			isa = XCBuildConfiguration;
			buildSettings = {
				ALWAYS_SEARCH_USER_PATHS = NO;
				CLANG_ANALYZER_LOCALIZABILITY_NONLOCALIZED = YES;
				CLANG_ANALYZER_NONNULL = YES;
				CLANG_ANALYZER_NUMBER_OBJECT_CONVERSION = YES_AGGRESSIVE;
				CLANG_CXX_LANGUAGE_STANDARD = "gnu++17";
				CLANG_CXX_LIBRARY = "libc++";
				CLANG_ENABLE_MODULES = YES;
				CLANG_ENABLE_OBJC_ARC = YES;
				CLANG_ENABLE_OBJC_WEAK = YES;
				CLANG_WARN_BLOCK_CAPTURE_AUTORELEASING = YES;
				CLANG_WARN_BOOL_CONVERSION = YES;
				CLANG_WARN_COMMA = YES;
				CLANG_WARN_CONSTANT_CONVERSION = YES;
				CLANG_WARN_DEPRECATED_OBJC_IMPLEMENTATIONS = YES;
				CLANG_WARN_DIRECT_OBJC_ISA_USAGE = YES_ERROR;
				CLANG_WARN_DOCUMENTATION_COMMENTS = YES;
				CLANG_WARN_EMPTY_BODY = YES;
				CLANG_WARN_ENUM_CONVERSION = YES;
				CLANG_WARN_INFINITE_RECURSION = YES;
				CLANG_WARN_INT_CONVERSION = YES;
				CLANG_WARN_NON_LITERAL_NULL_CONVERSION = YES;
				CLANG_WARN_OBJC_IMPLICIT_RETAIN_SELF = YES;
				CLANG_WARN_OBJC_LITERAL_CONVERSION = YES;
				CLANG_WARN_OBJC_ROOT_CLASS = YES_ERROR;
				CLANG_WARN_QUOTED_INCLUDE_IN_FRAMEWORK_HEADER = YES;
				CLANG_WARN_RANGE_LOOP_ANALYSIS = YES;
				CLANG_WARN_STRICT_PROTOTYPES = YES;
				CLANG_WARN_SUSPICIOUS_MOVE = YES;
				CLANG_WARN_UNGUARDED_AVAILABILITY = YES_AGGRESSIVE;
				CLANG_WARN_UNREACHABLE_CODE = YES;
				CLANG_WARN__DUPLICATE_METHOD_MATCH = YES;
				COPY_PHASE_STRIP = NO;
				CURRENT_PROJECT_VERSION = 1;
				DEBUG_INFORMATION_FORMAT = "dwarf-with-dsym";
				ENABLE_NS_ASSERTIONS = NO;
				ENABLE_STRICT_OBJC_MSGSEND = YES;
				GCC_C_LANGUAGE_STANDARD = gnu11;
				GCC_NO_COMMON_BLOCKS = YES;
				GCC_WARN_64_TO_32_BIT_CONVERSION = YES;
				GCC_WARN_ABOUT_RETURN_TYPE = YES_ERROR;
				GCC_WARN_UNDECLARED_SELECTOR = YES;
				GCC_WARN_UNINITIALIZED_AUTOS = YES_AGGRESSIVE;
				GCC_WARN_UNUSED_FUNCTION = YES;
				GCC_WARN_UNUSED_VARIABLE = YES;
				MACOSX_DEPLOYMENT_TARGET = 11.5;
				MTL_ENABLE_DEBUG_INFO = NO;
				MTL_FAST_MATH = YES;
				SDKROOT = macosx;
				SWIFT_COMPILATION_MODE = wholemodule;
				SWIFT_OPTIMIZATION_LEVEL = "-O";
				VERSIONING_SYSTEM = "apple-generic";
				VERSION_INFO_PREFIX = "";
			};
			name = Release;
		};
		B7C0EA4A279E8F0700634EA7 /* Debug */ = {
			isa = XCBuildConfiguration;
			buildSettings = {
				CLANG_ENABLE_MODULES = YES;
				CODE_SIGN_STYLE = Automatic;
				COMBINE_HIDPI_IMAGES = YES;
				CURRENT_PROJECT_VERSION = 1;
				DEFINES_MODULE = YES;
				DEVELOPMENT_TEAM = 5752TAHCMC;
				DYLIB_COMPATIBILITY_VERSION = 1;
				DYLIB_CURRENT_VERSION = 1;
				DYLIB_INSTALL_NAME_BASE = "@rpath";
				GENERATE_INFOPLIST_FILE = YES;
				INFOPLIST_KEY_NSHumanReadableCopyright = "";
				INSTALL_PATH = "$(LOCAL_LIBRARY_DIR)/Frameworks";
				LD_RUNPATH_SEARCH_PATHS = (
					"$(inherited)",
					"@executable_path/../Frameworks",
					"@loader_path/Frameworks",
				);
				MARKETING_VERSION = 1.0;
				PRODUCT_BUNDLE_IDENTIFIER = "com.rokit-tek.FeedModule";
				PRODUCT_NAME = "$(TARGET_NAME:c99extidentifier)";
				SKIP_INSTALL = YES;
				SUPPORTED_PLATFORMS = "macosx iphoneos iphonesimulator";
				SWIFT_EMIT_LOC_STRINGS = YES;
				SWIFT_OPTIMIZATION_LEVEL = "-Onone";
				SWIFT_VERSION = 5.0;
			};
			name = Debug;
		};
		B7C0EA4B279E8F0700634EA7 /* Release */ = {
			isa = XCBuildConfiguration;
			buildSettings = {
				CLANG_ENABLE_MODULES = YES;
				CODE_SIGN_STYLE = Automatic;
				COMBINE_HIDPI_IMAGES = YES;
				CURRENT_PROJECT_VERSION = 1;
				DEFINES_MODULE = YES;
				DEVELOPMENT_TEAM = 5752TAHCMC;
				DYLIB_COMPATIBILITY_VERSION = 1;
				DYLIB_CURRENT_VERSION = 1;
				DYLIB_INSTALL_NAME_BASE = "@rpath";
				GENERATE_INFOPLIST_FILE = YES;
				INFOPLIST_KEY_NSHumanReadableCopyright = "";
				INSTALL_PATH = "$(LOCAL_LIBRARY_DIR)/Frameworks";
				LD_RUNPATH_SEARCH_PATHS = (
					"$(inherited)",
					"@executable_path/../Frameworks",
					"@loader_path/Frameworks",
				);
				MARKETING_VERSION = 1.0;
				PRODUCT_BUNDLE_IDENTIFIER = "com.rokit-tek.FeedModule";
				PRODUCT_NAME = "$(TARGET_NAME:c99extidentifier)";
				SKIP_INSTALL = YES;
				SUPPORTED_PLATFORMS = "macosx iphoneos iphonesimulator";
				SWIFT_EMIT_LOC_STRINGS = YES;
				SWIFT_VERSION = 5.0;
			};
			name = Release;
		};
		B7C0EA4D279E8F0700634EA7 /* Debug */ = {
			isa = XCBuildConfiguration;
			buildSettings = {
				ALWAYS_EMBED_SWIFT_STANDARD_LIBRARIES = YES;
				CLANG_ENABLE_MODULES = YES;
				CODE_SIGN_STYLE = Automatic;
				CURRENT_PROJECT_VERSION = 1;
				DEVELOPMENT_TEAM = 5752TAHCMC;
				GENERATE_INFOPLIST_FILE = YES;
				LD_RUNPATH_SEARCH_PATHS = (
					"$(inherited)",
					"@executable_path/../Frameworks",
					"@loader_path/../Frameworks",
				);
				MARKETING_VERSION = 1.0;
				PRODUCT_BUNDLE_IDENTIFIER = "com.rokit-tek.FeedModuleTests";
				PRODUCT_NAME = "$(TARGET_NAME)";
				SUPPORTED_PLATFORMS = "macosx iphonesimulator iphoneos";
				SWIFT_EMIT_LOC_STRINGS = NO;
				SWIFT_OPTIMIZATION_LEVEL = "-Onone";
				SWIFT_VERSION = 5.0;
			};
			name = Debug;
		};
		B7C0EA4E279E8F0700634EA7 /* Release */ = {
			isa = XCBuildConfiguration;
			buildSettings = {
				ALWAYS_EMBED_SWIFT_STANDARD_LIBRARIES = YES;
				CLANG_ENABLE_MODULES = YES;
				CODE_SIGN_STYLE = Automatic;
				CURRENT_PROJECT_VERSION = 1;
				DEVELOPMENT_TEAM = 5752TAHCMC;
				GENERATE_INFOPLIST_FILE = YES;
				LD_RUNPATH_SEARCH_PATHS = (
					"$(inherited)",
					"@executable_path/../Frameworks",
					"@loader_path/../Frameworks",
				);
				MARKETING_VERSION = 1.0;
				PRODUCT_BUNDLE_IDENTIFIER = "com.rokit-tek.FeedModuleTests";
				PRODUCT_NAME = "$(TARGET_NAME)";
				SUPPORTED_PLATFORMS = "macosx iphonesimulator iphoneos";
				SWIFT_EMIT_LOC_STRINGS = NO;
				SWIFT_VERSION = 5.0;
			};
			name = Release;
		};
		B7F52A4E27C5745700756ECA /* Debug */ = {
			isa = XCBuildConfiguration;
			buildSettings = {
				CODE_SIGN_STYLE = Automatic;
				COMBINE_HIDPI_IMAGES = YES;
				CURRENT_PROJECT_VERSION = 1;
				DEFINES_MODULE = YES;
				DEVELOPMENT_TEAM = 5752TAHCMC;
				DYLIB_COMPATIBILITY_VERSION = 1;
				DYLIB_CURRENT_VERSION = 1;
				DYLIB_INSTALL_NAME_BASE = "@rpath";
				GENERATE_INFOPLIST_FILE = YES;
				INFOPLIST_KEY_NSHumanReadableCopyright = "";
				INSTALL_PATH = "$(LOCAL_LIBRARY_DIR)/Frameworks";
				LD_RUNPATH_SEARCH_PATHS = (
					"$(inherited)",
					"@executable_path/../Frameworks",
					"@loader_path/Frameworks",
				);
				MACOSX_DEPLOYMENT_TARGET = 12.1;
				MARKETING_VERSION = 1.0;
				PRODUCT_BUNDLE_IDENTIFIER = "com.rokit-tek.FeedPresentationModule";
				PRODUCT_NAME = "$(TARGET_NAME:c99extidentifier)";
				SKIP_INSTALL = YES;
				SUPPORTED_PLATFORMS = "macosx iphonesimulator iphoneos";
				SWIFT_EMIT_LOC_STRINGS = YES;
				SWIFT_VERSION = 5.0;
			};
			name = Debug;
		};
		B7F52A4F27C5745700756ECA /* Release */ = {
			isa = XCBuildConfiguration;
			buildSettings = {
				CODE_SIGN_STYLE = Automatic;
				COMBINE_HIDPI_IMAGES = YES;
				CURRENT_PROJECT_VERSION = 1;
				DEFINES_MODULE = YES;
				DEVELOPMENT_TEAM = 5752TAHCMC;
				DYLIB_COMPATIBILITY_VERSION = 1;
				DYLIB_CURRENT_VERSION = 1;
				DYLIB_INSTALL_NAME_BASE = "@rpath";
				GENERATE_INFOPLIST_FILE = YES;
				INFOPLIST_KEY_NSHumanReadableCopyright = "";
				INSTALL_PATH = "$(LOCAL_LIBRARY_DIR)/Frameworks";
				LD_RUNPATH_SEARCH_PATHS = (
					"$(inherited)",
					"@executable_path/../Frameworks",
					"@loader_path/Frameworks",
				);
				MACOSX_DEPLOYMENT_TARGET = 12.1;
				MARKETING_VERSION = 1.0;
				PRODUCT_BUNDLE_IDENTIFIER = "com.rokit-tek.FeedPresentationModule";
				PRODUCT_NAME = "$(TARGET_NAME:c99extidentifier)";
				SKIP_INSTALL = YES;
				SUPPORTED_PLATFORMS = "macosx iphonesimulator iphoneos";
				SWIFT_EMIT_LOC_STRINGS = YES;
				SWIFT_VERSION = 5.0;
			};
			name = Release;
		};
		B7F52A5027C5745700756ECA /* Debug */ = {
			isa = XCBuildConfiguration;
			buildSettings = {
				ALWAYS_EMBED_SWIFT_STANDARD_LIBRARIES = YES;
				CODE_SIGN_STYLE = Automatic;
				CURRENT_PROJECT_VERSION = 1;
				DEVELOPMENT_TEAM = 5752TAHCMC;
				GENERATE_INFOPLIST_FILE = YES;
				MACOSX_DEPLOYMENT_TARGET = 12.1;
				MARKETING_VERSION = 1.0;
				PRODUCT_BUNDLE_IDENTIFIER = "com.rokit-tek.FeedPresentationModuleTests";
				PRODUCT_NAME = "$(TARGET_NAME)";
				SUPPORTED_PLATFORMS = "macosx iphonesimulator iphoneos";
				SWIFT_EMIT_LOC_STRINGS = NO;
				SWIFT_VERSION = 5.0;
			};
			name = Debug;
		};
		B7F52A5127C5745700756ECA /* Release */ = {
			isa = XCBuildConfiguration;
			buildSettings = {
				ALWAYS_EMBED_SWIFT_STANDARD_LIBRARIES = YES;
				CODE_SIGN_STYLE = Automatic;
				CURRENT_PROJECT_VERSION = 1;
				DEVELOPMENT_TEAM = 5752TAHCMC;
				GENERATE_INFOPLIST_FILE = YES;
				MACOSX_DEPLOYMENT_TARGET = 12.1;
				MARKETING_VERSION = 1.0;
				PRODUCT_BUNDLE_IDENTIFIER = "com.rokit-tek.FeedPresentationModuleTests";
				PRODUCT_NAME = "$(TARGET_NAME)";
				SUPPORTED_PLATFORMS = "macosx iphonesimulator iphoneos";
				SWIFT_EMIT_LOC_STRINGS = NO;
				SWIFT_VERSION = 5.0;
			};
			name = Release;
		};
/* End XCBuildConfiguration section */

/* Begin XCConfigurationList section */
		B72BDE1227B22AC100C79E93 /* Build configuration list for PBXNativeTarget "FeedAPIEndToEndTests" */ = {
			isa = XCConfigurationList;
			buildConfigurations = (
				B72BDE1327B22AC100C79E93 /* Debug */,
				B72BDE1427B22AC100C79E93 /* Release */,
			);
			defaultConfigurationIsVisible = 0;
			defaultConfigurationName = Release;
		};
		B767969027BE317A00CC08A1 /* Build configuration list for PBXNativeTarget "FeediOS" */ = {
			isa = XCConfigurationList;
			buildConfigurations = (
				B767969127BE317A00CC08A1 /* Debug */,
				B767969227BE317A00CC08A1 /* Release */,
			);
			defaultConfigurationIsVisible = 0;
			defaultConfigurationName = Release;
		};
		B767969327BE317A00CC08A1 /* Build configuration list for PBXNativeTarget "FeediOSTests" */ = {
			isa = XCConfigurationList;
			buildConfigurations = (
				B767969427BE317A00CC08A1 /* Debug */,
				B767969527BE317A00CC08A1 /* Release */,
			);
			defaultConfigurationIsVisible = 0;
			defaultConfigurationName = Release;
		};
		B795B31027BC9DA700A7496A /* Build configuration list for PBXNativeTarget "FeedCacheIntegrationTests" */ = {
			isa = XCConfigurationList;
			buildConfigurations = (
				B795B30E27BC9DA700A7496A /* Debug */,
				B795B30F27BC9DA700A7496A /* Release */,
			);
			defaultConfigurationIsVisible = 0;
			defaultConfigurationName = Release;
		};
		B7C0EA31279E8F0700634EA7 /* Build configuration list for PBXProject "FeedModules" */ = {
			isa = XCConfigurationList;
			buildConfigurations = (
				B7C0EA47279E8F0700634EA7 /* Debug */,
				B7C0EA48279E8F0700634EA7 /* Release */,
			);
			defaultConfigurationIsVisible = 0;
			defaultConfigurationName = Release;
		};
		B7C0EA49279E8F0700634EA7 /* Build configuration list for PBXNativeTarget "FeedCoreModule" */ = {
			isa = XCConfigurationList;
			buildConfigurations = (
				B7C0EA4A279E8F0700634EA7 /* Debug */,
				B7C0EA4B279E8F0700634EA7 /* Release */,
			);
			defaultConfigurationIsVisible = 0;
			defaultConfigurationName = Release;
		};
		B7C0EA4C279E8F0700634EA7 /* Build configuration list for PBXNativeTarget "FeedCoreModuleTests" */ = {
			isa = XCConfigurationList;
			buildConfigurations = (
				B7C0EA4D279E8F0700634EA7 /* Debug */,
				B7C0EA4E279E8F0700634EA7 /* Release */,
			);
			defaultConfigurationIsVisible = 0;
			defaultConfigurationName = Release;
		};
		B7F52A5227C5745700756ECA /* Build configuration list for PBXNativeTarget "FeedPresentationModule" */ = {
			isa = XCConfigurationList;
			buildConfigurations = (
				B7F52A4E27C5745700756ECA /* Debug */,
				B7F52A4F27C5745700756ECA /* Release */,
			);
			defaultConfigurationIsVisible = 0;
			defaultConfigurationName = Release;
		};
		B7F52A5327C5745700756ECA /* Build configuration list for PBXNativeTarget "FeedPresentationModuleTests" */ = {
			isa = XCConfigurationList;
			buildConfigurations = (
				B7F52A5027C5745700756ECA /* Debug */,
				B7F52A5127C5745700756ECA /* Release */,
			);
			defaultConfigurationIsVisible = 0;
			defaultConfigurationName = Release;
		};
/* End XCConfigurationList section */

/* Begin XCVersionGroup section */
		B7F297C827B6242F002FE92A /* FeedStore.xcdatamodeld */ = {
			isa = XCVersionGroup;
			children = (
				B7F297C927B6242F002FE92A /* FeedStore.xcdatamodel */,
			);
			currentVersion = B7F297C927B6242F002FE92A /* FeedStore.xcdatamodel */;
			path = FeedStore.xcdatamodeld;
			sourceTree = "<group>";
			versionGroupType = wrapper.xcdatamodel;
		};
/* End XCVersionGroup section */
	};
	rootObject = B7C0EA2E279E8F0700634EA7 /* Project object */;
}
